// !$*UTF8*$!
{
	archiveVersion = 1;
	classes = {
	};
	objectVersion = 46;
	objects = {

/* Begin PBXBuildFile section */
		2F1E42F019B6AB1C004421C6 /* UIImage+ImageFromColor.m in Sources */ = {isa = PBXBuildFile; fileRef = 2F1E42EF19B6AB1C004421C6 /* UIImage+ImageFromColor.m */; };
		2F1E435519B6BF6A004421C6 /* SAScrubber.m in Sources */ = {isa = PBXBuildFile; fileRef = 2F1E42F819B6BF6A004421C6 /* SAScrubber.m */; };
		2F1E435619B6BF6A004421C6 /* SAResizibleBubble.m in Sources */ = {isa = PBXBuildFile; fileRef = 2F1E42FB19B6BF6A004421C6 /* SAResizibleBubble.m */; };
		2F1E435719B6BF6A004421C6 /* SASliderLeft.m in Sources */ = {isa = PBXBuildFile; fileRef = 2F1E42FD19B6BF6A004421C6 /* SASliderLeft.m */; };
		2F1E435819B6BF6A004421C6 /* SASliderRight.m in Sources */ = {isa = PBXBuildFile; fileRef = 2F1E42FF19B6BF6A004421C6 /* SASliderRight.m */; };
		2F1E435919B6BF6A004421C6 /* SAVideoRangeSlider.m in Sources */ = {isa = PBXBuildFile; fileRef = 2F1E430119B6BF6A004421C6 /* SAVideoRangeSlider.m */; };
		2F1E435A19B6BF6A004421C6 /* MHCustomization.m in Sources */ = {isa = PBXBuildFile; fileRef = 2F1E430419B6BF6A004421C6 /* MHCustomization.m */; };
		2F1E435B19B6BF6A004421C6 /* MHGallery.m in Sources */ = {isa = PBXBuildFile; fileRef = 2F1E430719B6BF6A004421C6 /* MHGallery.m */; };
		2F1E435C19B6BF6A004421C6 /* MHGalleryController.m in Sources */ = {isa = PBXBuildFile; fileRef = 2F1E430A19B6BF6A004421C6 /* MHGalleryController.m */; };
		2F1E435D19B6BF6A004421C6 /* MHGalleryImageViewerViewController.m in Sources */ = {isa = PBXBuildFile; fileRef = 2F1E430D19B6BF6A004421C6 /* MHGalleryImageViewerViewController.m */; };
		2F1E435E19B6BF6A004421C6 /* MHGalleryItem.m in Sources */ = {isa = PBXBuildFile; fileRef = 2F1E431019B6BF6A004421C6 /* MHGalleryItem.m */; };
		2F1E435F19B6BF6A004421C6 /* MHPresenterImageView.m in Sources */ = {isa = PBXBuildFile; fileRef = 2F1E431319B6BF6A004421C6 /* MHPresenterImageView.m */; };
		2F1E436019B6BF6A004421C6 /* MHGallerySharedManager.m in Sources */ = {isa = PBXBuildFile; fileRef = 2F1E431619B6BF6A004421C6 /* MHGallerySharedManager.m */; };
		2F1E436119B6BF6A004421C6 /* MHMediaPreviewCollectionViewCell.m in Sources */ = {isa = PBXBuildFile; fileRef = 2F1E431A19B6BF6A004421C6 /* MHMediaPreviewCollectionViewCell.m */; };
		2F1E436219B6BF6A004421C6 /* MHOverviewController.m in Sources */ = {isa = PBXBuildFile; fileRef = 2F1E431D19B6BF6A004421C6 /* MHOverviewController.m */; };
		2F1E436319B6BF6A004421C6 /* MHShareViewController.m in Sources */ = {isa = PBXBuildFile; fileRef = 2F1E432019B6BF6A004421C6 /* MHShareViewController.m */; };
		2F1E436419B6BF6A004421C6 /* MHUIImageViewContentViewAnimation.m in Sources */ = {isa = PBXBuildFile; fileRef = 2F1E432319B6BF6A004421C6 /* MHUIImageViewContentViewAnimation.m */; };
		2F1E436919B6BF6A004421C6 /* NSData+ImageContentType.m in Sources */ = {isa = PBXBuildFile; fileRef = 2F1E432F19B6BF6A004421C6 /* NSData+ImageContentType.m */; };
		2F1E436A19B6BF6A004421C6 /* SDImageCache.m in Sources */ = {isa = PBXBuildFile; fileRef = 2F1E433119B6BF6A004421C6 /* SDImageCache.m */; };
		2F1E436B19B6BF6A004421C6 /* SDWebImageCompat.m in Sources */ = {isa = PBXBuildFile; fileRef = 2F1E433319B6BF6A004421C6 /* SDWebImageCompat.m */; };
		2F1E436C19B6BF6A004421C6 /* SDWebImageDecoder.m in Sources */ = {isa = PBXBuildFile; fileRef = 2F1E433519B6BF6A004421C6 /* SDWebImageDecoder.m */; };
		2F1E436D19B6BF6A004421C6 /* SDWebImageDownloader.m in Sources */ = {isa = PBXBuildFile; fileRef = 2F1E433719B6BF6A004421C6 /* SDWebImageDownloader.m */; };
		2F1E436E19B6BF6A004421C6 /* SDWebImageDownloaderOperation.m in Sources */ = {isa = PBXBuildFile; fileRef = 2F1E433919B6BF6A004421C6 /* SDWebImageDownloaderOperation.m */; };
		2F1E436F19B6BF6A004421C6 /* SDWebImageManager.m in Sources */ = {isa = PBXBuildFile; fileRef = 2F1E433B19B6BF6A004421C6 /* SDWebImageManager.m */; };
		2F1E437019B6BF6A004421C6 /* SDWebImagePrefetcher.m in Sources */ = {isa = PBXBuildFile; fileRef = 2F1E433E19B6BF6A004421C6 /* SDWebImagePrefetcher.m */; };
		2F1E437119B6BF6A004421C6 /* UIButton+WebCache.m in Sources */ = {isa = PBXBuildFile; fileRef = 2F1E434019B6BF6A004421C6 /* UIButton+WebCache.m */; };
		2F1E437219B6BF6A004421C6 /* UIImage+GIF.m in Sources */ = {isa = PBXBuildFile; fileRef = 2F1E434219B6BF6A004421C6 /* UIImage+GIF.m */; };
		2F1E437319B6BF6A004421C6 /* UIImage+MultiFormat.m in Sources */ = {isa = PBXBuildFile; fileRef = 2F1E434419B6BF6A004421C6 /* UIImage+MultiFormat.m */; };
		2F1E437419B6BF6A004421C6 /* UIImageView+WebCache.m in Sources */ = {isa = PBXBuildFile; fileRef = 2F1E434619B6BF6A004421C6 /* UIImageView+WebCache.m */; };
		2F1E437519B6BF6A004421C6 /* MHTransitionDismissMHGallery.m in Sources */ = {isa = PBXBuildFile; fileRef = 2F1E434919B6BF6A004421C6 /* MHTransitionDismissMHGallery.m */; };
		2F1E437619B6BF6A004421C6 /* MHTransitionPresentMHGallery.m in Sources */ = {isa = PBXBuildFile; fileRef = 2F1E434B19B6BF6A004421C6 /* MHTransitionPresentMHGallery.m */; };
		2F1E437719B6BF6A004421C6 /* MHTransitionShowDetail.m in Sources */ = {isa = PBXBuildFile; fileRef = 2F1E434D19B6BF6A004421C6 /* MHTransitionShowDetail.m */; };
		2F1E437819B6BF6A004421C6 /* MHTransitionShowOverView.m in Sources */ = {isa = PBXBuildFile; fileRef = 2F1E434F19B6BF6A004421C6 /* MHTransitionShowOverView.m */; };
		2F1E437919B6BF6A004421C6 /* MHTransitionShowShareView.m in Sources */ = {isa = PBXBuildFile; fileRef = 2F1E435119B6BF6A004421C6 /* MHTransitionShowShareView.m */; };
		2F1E437A19B6BF6A004421C6 /* UIImageView+MHGallery.m in Sources */ = {isa = PBXBuildFile; fileRef = 2F1E435419B6BF6A004421C6 /* UIImageView+MHGallery.m */; };
		2F380388193F1C93004559C3 /* BluetoothCommunicationViewController.m in Sources */ = {isa = PBXBuildFile; fileRef = 2F380387193F1C93004559C3 /* BluetoothCommunicationViewController.m */; };
		2F38039B1942DA24004559C3 /* LWTutorialViewController.m in Sources */ = {isa = PBXBuildFile; fileRef = 2F38039A1942DA24004559C3 /* LWTutorialViewController.m */; };
		2F4EB07119BAE198007A186E /* inwardAutoExposure.png in Resources */ = {isa = PBXBuildFile; fileRef = 2F4EB06019BAE198007A186E /* inwardAutoExposure.png */; };
		2F4EB07219BAE198007A186E /* inwardAutoExposureLocked.png in Resources */ = {isa = PBXBuildFile; fileRef = 2F4EB06119BAE198007A186E /* inwardAutoExposureLocked.png */; };
		2F4EB07319BAE199007A186E /* inwardAutoFocus.png in Resources */ = {isa = PBXBuildFile; fileRef = 2F4EB06219BAE198007A186E /* inwardAutoFocus.png */; };
		2F4EB07419BAE199007A186E /* inwardAutoFocusLocked.png in Resources */ = {isa = PBXBuildFile; fileRef = 2F4EB06319BAE198007A186E /* inwardAutoFocusLocked.png */; };
		2F4EB07519BAE199007A186E /* inwardBluetooth.png in Resources */ = {isa = PBXBuildFile; fileRef = 2F4EB06419BAE198007A186E /* inwardBluetooth.png */; };
		2F4EB07619BAE199007A186E /* inwardCameraMode-Action.png in Resources */ = {isa = PBXBuildFile; fileRef = 2F4EB06519BAE198007A186E /* inwardCameraMode-Action.png */; };
		2F4EB07719BAE199007A186E /* inwardCameraMode-Still.png in Resources */ = {isa = PBXBuildFile; fileRef = 2F4EB06619BAE198007A186E /* inwardCameraMode-Still.png */; };
		2F4EB07819BAE199007A186E /* inwardCameraMode-Video.png in Resources */ = {isa = PBXBuildFile; fileRef = 2F4EB06719BAE198007A186E /* inwardCameraMode-Video.png */; };
		2F4EB07919BAE199007A186E /* inwardCameraRoll.png in Resources */ = {isa = PBXBuildFile; fileRef = 2F4EB06819BAE198007A186E /* inwardCameraRoll.png */; };
		2F4EB07A19BAE199007A186E /* inwardFlash.png in Resources */ = {isa = PBXBuildFile; fileRef = 2F4EB06919BAE198007A186E /* inwardFlash.png */; };
		2F4EB07B19BAE199007A186E /* inwardSettings.png in Resources */ = {isa = PBXBuildFile; fileRef = 2F4EB06A19BAE198007A186E /* inwardSettings.png */; };
		2F4EB07C19BAE199007A186E /* inwardSounds.png in Resources */ = {isa = PBXBuildFile; fileRef = 2F4EB06B19BAE198007A186E /* inwardSounds.png */; };
		2F4EB07D19BAE199007A186E /* inwardSwitchCamera.png in Resources */ = {isa = PBXBuildFile; fileRef = 2F4EB06C19BAE198007A186E /* inwardSwitchCamera.png */; };
		2F4EB07E19BAE199007A186E /* tutorial-inwardAutoExposureOff.png in Resources */ = {isa = PBXBuildFile; fileRef = 2F4EB06D19BAE198007A186E /* tutorial-inwardAutoExposureOff.png */; };
		2F4EB07F19BAE199007A186E /* tutorial-inwardAutoExposureOn.png in Resources */ = {isa = PBXBuildFile; fileRef = 2F4EB06E19BAE198007A186E /* tutorial-inwardAutoExposureOn.png */; };
		2F4EB08019BAE199007A186E /* tutorial-inwardAutoFocusOff.png in Resources */ = {isa = PBXBuildFile; fileRef = 2F4EB06F19BAE198007A186E /* tutorial-inwardAutoFocusOff.png */; };
		2F4EB08119BAE199007A186E /* tutorial-inwardAutoFocusOn.png in Resources */ = {isa = PBXBuildFile; fileRef = 2F4EB07019BAE198007A186E /* tutorial-inwardAutoFocusOn.png */; };
		2F4EB09619BAE1AE007A186E /* cameraButtonDarkBG.png in Resources */ = {isa = PBXBuildFile; fileRef = 2F4EB08319BAE1AE007A186E /* cameraButtonDarkBG.png */; };
		2F4EB09719BAE1AE007A186E /* cameraButtonDarkBG@2x.png in Resources */ = {isa = PBXBuildFile; fileRef = 2F4EB08419BAE1AE007A186E /* cameraButtonDarkBG@2x.png */; };
		2F4EB09919BAE1AE007A186E /* inner.png in Resources */ = {isa = PBXBuildFile; fileRef = 2F4EB08619BAE1AE007A186E /* inner.png */; };
		2F4EB09A19BAE1AE007A186E /* inner@2x.png in Resources */ = {isa = PBXBuildFile; fileRef = 2F4EB08719BAE1AE007A186E /* inner@2x.png */; };
		2F4EB09B19BAE1AE007A186E /* innerHighlighted.png in Resources */ = {isa = PBXBuildFile; fileRef = 2F4EB08819BAE1AE007A186E /* innerHighlighted.png */; };
		2F4EB09C19BAE1AE007A186E /* innerHighlighted@2x.png in Resources */ = {isa = PBXBuildFile; fileRef = 2F4EB08919BAE1AE007A186E /* innerHighlighted@2x.png */; };
		2F4EB09D19BAE1AE007A186E /* innerPlayingSound.png in Resources */ = {isa = PBXBuildFile; fileRef = 2F4EB08A19BAE1AE007A186E /* innerPlayingSound.png */; };
		2F4EB09E19BAE1AE007A186E /* innerPlayingSound@2x.png in Resources */ = {isa = PBXBuildFile; fileRef = 2F4EB08B19BAE1AE007A186E /* innerPlayingSound@2x.png */; };
		2F4EB09F19BAE1AE007A186E /* outer.png in Resources */ = {isa = PBXBuildFile; fileRef = 2F4EB08C19BAE1AE007A186E /* outer.png */; };
		2F4EB0A019BAE1AE007A186E /* outer@2x.png in Resources */ = {isa = PBXBuildFile; fileRef = 2F4EB08D19BAE1AE007A186E /* outer@2x.png */; };
		2F4EB0A119BAE1AE007A186E /* rapidInner.png in Resources */ = {isa = PBXBuildFile; fileRef = 2F4EB08E19BAE1AE007A186E /* rapidInner.png */; };
		2F4EB0A219BAE1AE007A186E /* rapidInner@2x.png in Resources */ = {isa = PBXBuildFile; fileRef = 2F4EB08F19BAE1AE007A186E /* rapidInner@2x.png */; };
		2F4EB0A319BAE1AE007A186E /* rapidInnerHighlighted.png in Resources */ = {isa = PBXBuildFile; fileRef = 2F4EB09019BAE1AE007A186E /* rapidInnerHighlighted.png */; };
		2F4EB0A419BAE1AE007A186E /* rapidInnerHighlighted@2x.png in Resources */ = {isa = PBXBuildFile; fileRef = 2F4EB09119BAE1AE007A186E /* rapidInnerHighlighted@2x.png */; };
		2F4EB0A519BAE1AE007A186E /* redInner.png in Resources */ = {isa = PBXBuildFile; fileRef = 2F4EB09219BAE1AE007A186E /* redInner.png */; };
		2F4EB0A619BAE1AE007A186E /* redInner@2x.png in Resources */ = {isa = PBXBuildFile; fileRef = 2F4EB09319BAE1AE007A186E /* redInner@2x.png */; };
		2F4EB0A719BAE1AE007A186E /* redInnerHighlighted.png in Resources */ = {isa = PBXBuildFile; fileRef = 2F4EB09419BAE1AE007A186E /* redInnerHighlighted.png */; };
		2F4EB0A819BAE1AE007A186E /* redInnerHighlighted@2x.png in Resources */ = {isa = PBXBuildFile; fileRef = 2F4EB09519BAE1AE007A186E /* redInnerHighlighted@2x.png */; };
		2F4EB0AB19BAE1BB007A186E /* exposure.png in Resources */ = {isa = PBXBuildFile; fileRef = 2F4EB0A919BAE1BB007A186E /* exposure.png */; };
		2F4EB0AC19BAE1BB007A186E /* exposure@2x.png in Resources */ = {isa = PBXBuildFile; fileRef = 2F4EB0AA19BAE1BB007A186E /* exposure@2x.png */; };
		2F4EB0AF19BAE1C1007A186E /* focus.png in Resources */ = {isa = PBXBuildFile; fileRef = 2F4EB0AD19BAE1C1007A186E /* focus.png */; };
		2F4EB0B019BAE1C1007A186E /* focus@2x.png in Resources */ = {isa = PBXBuildFile; fileRef = 2F4EB0AE19BAE1C1007A186E /* focus@2x.png */; };
		2F4EB0B719BAE1CA007A186E /* check.png in Resources */ = {isa = PBXBuildFile; fileRef = 2F4EB0B219BAE1CA007A186E /* check.png */; };
		2F4EB0B819BAE1CA007A186E /* check@2x.png in Resources */ = {isa = PBXBuildFile; fileRef = 2F4EB0B319BAE1CA007A186E /* check@2x.png */; };
		2F4EB0B919BAE1CA007A186E /* cross.png in Resources */ = {isa = PBXBuildFile; fileRef = 2F4EB0B419BAE1CA007A186E /* cross.png */; };
		2F4EB0BA19BAE1CA007A186E /* cross@2x.png in Resources */ = {isa = PBXBuildFile; fileRef = 2F4EB0B519BAE1CA007A186E /* cross@2x.png */; };
		2F4EB0C419BAE1EB007A186E /* actionSwipeImage.png in Resources */ = {isa = PBXBuildFile; fileRef = 2F4EB0BD19BAE1EB007A186E /* actionSwipeImage.png */; };
		2F4EB0C519BAE1EB007A186E /* actionSwipeImage@2x.png in Resources */ = {isa = PBXBuildFile; fileRef = 2F4EB0BE19BAE1EB007A186E /* actionSwipeImage@2x.png */; };
		2F4EB0C619BAE1EB007A186E /* stillSwipeImage.png in Resources */ = {isa = PBXBuildFile; fileRef = 2F4EB0BF19BAE1EB007A186E /* stillSwipeImage.png */; };
		2F4EB0C719BAE1EB007A186E /* stillSwipeImage@2x.png in Resources */ = {isa = PBXBuildFile; fileRef = 2F4EB0C019BAE1EB007A186E /* stillSwipeImage@2x.png */; };
		2F4EB0C919BAE1EB007A186E /* videoSwipeImage.png in Resources */ = {isa = PBXBuildFile; fileRef = 2F4EB0C219BAE1EB007A186E /* videoSwipeImage.png */; };
		2F4EB0CA19BAE1EB007A186E /* videoSwipeImage@2x.png in Resources */ = {isa = PBXBuildFile; fileRef = 2F4EB0C319BAE1EB007A186E /* videoSwipeImage@2x.png */; };
		2F4EB0D119BAE1FC007A186E /* switchAppMode.png in Resources */ = {isa = PBXBuildFile; fileRef = 2F4EB0CC19BAE1FC007A186E /* switchAppMode.png */; };
		2F4EB0D219BAE1FC007A186E /* switchAppMode@2x.png in Resources */ = {isa = PBXBuildFile; fileRef = 2F4EB0CD19BAE1FC007A186E /* switchAppMode@2x.png */; };
		2F4EB0D319BAE1FC007A186E /* switchAppModeToClickShot.png in Resources */ = {isa = PBXBuildFile; fileRef = 2F4EB0CE19BAE1FC007A186E /* switchAppModeToClickShot.png */; };
		2F4EB0D419BAE1FC007A186E /* switchAppModeToClickShot@2x.png in Resources */ = {isa = PBXBuildFile; fileRef = 2F4EB0CF19BAE1FC007A186E /* switchAppModeToClickShot@2x.png */; };
		2F4EB0D819BAE209007A186E /* tableViewDivider.png in Resources */ = {isa = PBXBuildFile; fileRef = 2F4EB0D619BAE209007A186E /* tableViewDivider.png */; };
		2F4EB0D919BAE209007A186E /* tableViewDivider@2x.png in Resources */ = {isa = PBXBuildFile; fileRef = 2F4EB0D719BAE209007A186E /* tableViewDivider@2x.png */; };
		2F4EB0DE19BAE210007A186E /* tutorialIcon.png in Resources */ = {isa = PBXBuildFile; fileRef = 2F4EB0DB19BAE210007A186E /* tutorialIcon.png */; };
		2F4EB0E019BAE210007A186E /* tutorialIcon@2x.png in Resources */ = {isa = PBXBuildFile; fileRef = 2F4EB0DD19BAE210007A186E /* tutorialIcon@2x.png */; };
		2F71F2C1193E823E00FA41C2 /* UIApplication+ScreenSize.m in Sources */ = {isa = PBXBuildFile; fileRef = 2F71F2C0193E823E00FA41C2 /* UIApplication+ScreenSize.m */; };
		2F8EA3D01985820100219F3B /* DragAnimationView.m in Sources */ = {isa = PBXBuildFile; fileRef = 2F8EA3CF1985820100219F3B /* DragAnimationView.m */; };
		2FE9BFCB19A719DC00EC358F /* UIImage+Overlay.m in Sources */ = {isa = PBXBuildFile; fileRef = 2FE9BFCA19A719DC00EC358F /* UIImage+Overlay.m */; };
		2FE9C09019A89E1C00EC358F /* UIImage+StackBlur.m in Sources */ = {isa = PBXBuildFile; fileRef = 2FE9C08F19A89E1C00EC358F /* UIImage+StackBlur.m */; };
		2FFFDFAA192FD3D900F3370B /* Foundation.framework in Frameworks */ = {isa = PBXBuildFile; fileRef = 2FFFDFA9192FD3D900F3370B /* Foundation.framework */; };
		2FFFDFAC192FD3D900F3370B /* CoreGraphics.framework in Frameworks */ = {isa = PBXBuildFile; fileRef = 2FFFDFAB192FD3D900F3370B /* CoreGraphics.framework */; };
		2FFFDFAE192FD3D900F3370B /* UIKit.framework in Frameworks */ = {isa = PBXBuildFile; fileRef = 2FFFDFAD192FD3D900F3370B /* UIKit.framework */; };
		2FFFDFB4192FD3D900F3370B /* InfoPlist.strings in Resources */ = {isa = PBXBuildFile; fileRef = 2FFFDFB2192FD3D900F3370B /* InfoPlist.strings */; };
		2FFFDFB6192FD3D900F3370B /* main.m in Sources */ = {isa = PBXBuildFile; fileRef = 2FFFDFB5192FD3D900F3370B /* main.m */; };
		2FFFDFBA192FD3D900F3370B /* AppDelegate.m in Sources */ = {isa = PBXBuildFile; fileRef = 2FFFDFB9192FD3D900F3370B /* AppDelegate.m */; };
		2FFFDFBD192FD3D900F3370B /* Main_iPhone.storyboard in Resources */ = {isa = PBXBuildFile; fileRef = 2FFFDFBB192FD3D900F3370B /* Main_iPhone.storyboard */; };
		2FFFDFC0192FD3D900F3370B /* Main_iPad.storyboard in Resources */ = {isa = PBXBuildFile; fileRef = 2FFFDFBE192FD3D900F3370B /* Main_iPad.storyboard */; };
		2FFFDFC5192FD3D900F3370B /* Images.xcassets in Resources */ = {isa = PBXBuildFile; fileRef = 2FFFDFC4192FD3D900F3370B /* Images.xcassets */; };
		2FFFDFCC192FD3D900F3370B /* XCTest.framework in Frameworks */ = {isa = PBXBuildFile; fileRef = 2FFFDFCB192FD3D900F3370B /* XCTest.framework */; };
		2FFFDFCD192FD3D900F3370B /* Foundation.framework in Frameworks */ = {isa = PBXBuildFile; fileRef = 2FFFDFA9192FD3D900F3370B /* Foundation.framework */; };
		2FFFDFCE192FD3D900F3370B /* UIKit.framework in Frameworks */ = {isa = PBXBuildFile; fileRef = 2FFFDFAD192FD3D900F3370B /* UIKit.framework */; };
		2FFFDFD6192FD3D900F3370B /* InfoPlist.strings in Resources */ = {isa = PBXBuildFile; fileRef = 2FFFDFD4192FD3D900F3370B /* InfoPlist.strings */; };
		2FFFE0DA192FD64C00F3370B /* AVFoundation.framework in Frameworks */ = {isa = PBXBuildFile; fileRef = 2FFFE0D9192FD64C00F3370B /* AVFoundation.framework */; };
		2FFFE0DC192FD65200F3370B /* OpenGLES.framework in Frameworks */ = {isa = PBXBuildFile; fileRef = 2FFFE0DB192FD65200F3370B /* OpenGLES.framework */; };
		2FFFE0DE192FD65700F3370B /* CoreVideo.framework in Frameworks */ = {isa = PBXBuildFile; fileRef = 2FFFE0DD192FD65700F3370B /* CoreVideo.framework */; };
		2FFFE0E0192FD65D00F3370B /* CoreMedia.framework in Frameworks */ = {isa = PBXBuildFile; fileRef = 2FFFE0DF192FD65D00F3370B /* CoreMedia.framework */; };
		2FFFE0E2192FD66400F3370B /* AssetsLibrary.framework in Frameworks */ = {isa = PBXBuildFile; fileRef = 2FFFE0E1192FD66400F3370B /* AssetsLibrary.framework */; };
		2FFFE0E4192FD66900F3370B /* QuartzCore.framework in Frameworks */ = {isa = PBXBuildFile; fileRef = 2FFFE0E3192FD66900F3370B /* QuartzCore.framework */; };
		2FFFE0E6192FD66F00F3370B /* Accelerate.framework in Frameworks */ = {isa = PBXBuildFile; fileRef = 2FFFE0E5192FD66F00F3370B /* Accelerate.framework */; };
		2FFFE0F7192FD73B00F3370B /* CSRCameraButton.m in Sources */ = {isa = PBXBuildFile; fileRef = 2FFFE0ED192FD73B00F3370B /* CSRCameraButton.m */; };
		2FFFE0FA192FD73B00F3370B /* CameraRemoteViewController.m in Sources */ = {isa = PBXBuildFile; fileRef = 2FFFE0F2192FD73B00F3370B /* CameraRemoteViewController.m */; };
		2FFFE0FB192FD73B00F3370B /* CSRMoveableImageView.m in Sources */ = {isa = PBXBuildFile; fileRef = 2FFFE0F4192FD73B00F3370B /* CSRMoveableImageView.m */; };
		2FFFE101192FD7F100F3370B /* MBProgressHUD.m in Sources */ = {isa = PBXBuildFile; fileRef = 2FFFE100192FD7F100F3370B /* MBProgressHUD.m */; };
		2FFFE108192FD84100F3370B /* alienRampUp.wav in Resources */ = {isa = PBXBuildFile; fileRef = 2FFFE103192FD84100F3370B /* alienRampUp.wav */; };
		2FFFE109192FD84100F3370B /* birdChirp.wav in Resources */ = {isa = PBXBuildFile; fileRef = 2FFFE104192FD84100F3370B /* birdChirp.wav */; };
		2FFFE10A192FD84100F3370B /* bombCountdown.wav in Resources */ = {isa = PBXBuildFile; fileRef = 2FFFE105192FD84100F3370B /* bombCountdown.wav */; };
		2FFFE10B192FD84100F3370B /* catMeow.wav in Resources */ = {isa = PBXBuildFile; fileRef = 2FFFE106192FD84100F3370B /* catMeow.wav */; };
		2FFFE10C192FD84100F3370B /* dogBark.wav in Resources */ = {isa = PBXBuildFile; fileRef = 2FFFE107192FD84100F3370B /* dogBark.wav */; };
/* End PBXBuildFile section */

/* Begin PBXContainerItemProxy section */
		2FFFDFCF192FD3D900F3370B /* PBXContainerItemProxy */ = {
			isa = PBXContainerItemProxy;
			containerPortal = 2FFFDF9E192FD3D900F3370B /* Project object */;
			proxyType = 1;
			remoteGlobalIDString = 2FFFDFA5192FD3D900F3370B;
			remoteInfo = "Click-Shot";
		};
/* End PBXContainerItemProxy section */

/* Begin PBXFileReference section */
		2F1E42EE19B6AB1C004421C6 /* UIImage+ImageFromColor.h */ = {isa = PBXFileReference; fileEncoding = 4; lastKnownFileType = sourcecode.c.h; name = "UIImage+ImageFromColor.h"; path = "/Users/LukeWilson/GitRepos/Private/Click-Shot/Click-Shot/UIImage+ImageFromColor.h"; sourceTree = "<absolute>"; };
		2F1E42EF19B6AB1C004421C6 /* UIImage+ImageFromColor.m */ = {isa = PBXFileReference; fileEncoding = 4; lastKnownFileType = sourcecode.c.objc; name = "UIImage+ImageFromColor.m"; path = "/Users/LukeWilson/GitRepos/Private/Click-Shot/Click-Shot/UIImage+ImageFromColor.m"; sourceTree = "<absolute>"; };
		2F1E42F719B6BF6A004421C6 /* SAScrubber.h */ = {isa = PBXFileReference; fileEncoding = 4; lastKnownFileType = sourcecode.c.h; path = SAScrubber.h; sourceTree = "<group>"; };
		2F1E42F819B6BF6A004421C6 /* SAScrubber.m */ = {isa = PBXFileReference; fileEncoding = 4; lastKnownFileType = sourcecode.c.objc; path = SAScrubber.m; sourceTree = "<group>"; };
		2F1E42FA19B6BF6A004421C6 /* SAResizibleBubble.h */ = {isa = PBXFileReference; fileEncoding = 4; lastKnownFileType = sourcecode.c.h; path = SAResizibleBubble.h; sourceTree = "<group>"; };
		2F1E42FB19B6BF6A004421C6 /* SAResizibleBubble.m */ = {isa = PBXFileReference; fileEncoding = 4; lastKnownFileType = sourcecode.c.objc; path = SAResizibleBubble.m; sourceTree = "<group>"; };
		2F1E42FC19B6BF6A004421C6 /* SASliderLeft.h */ = {isa = PBXFileReference; fileEncoding = 4; lastKnownFileType = sourcecode.c.h; path = SASliderLeft.h; sourceTree = "<group>"; };
		2F1E42FD19B6BF6A004421C6 /* SASliderLeft.m */ = {isa = PBXFileReference; fileEncoding = 4; lastKnownFileType = sourcecode.c.objc; path = SASliderLeft.m; sourceTree = "<group>"; };
		2F1E42FE19B6BF6A004421C6 /* SASliderRight.h */ = {isa = PBXFileReference; fileEncoding = 4; lastKnownFileType = sourcecode.c.h; path = SASliderRight.h; sourceTree = "<group>"; };
		2F1E42FF19B6BF6A004421C6 /* SASliderRight.m */ = {isa = PBXFileReference; fileEncoding = 4; lastKnownFileType = sourcecode.c.objc; path = SASliderRight.m; sourceTree = "<group>"; };
		2F1E430019B6BF6A004421C6 /* SAVideoRangeSlider.h */ = {isa = PBXFileReference; fileEncoding = 4; lastKnownFileType = sourcecode.c.h; path = SAVideoRangeSlider.h; sourceTree = "<group>"; };
		2F1E430119B6BF6A004421C6 /* SAVideoRangeSlider.m */ = {isa = PBXFileReference; fileEncoding = 4; lastKnownFileType = sourcecode.c.objc; path = SAVideoRangeSlider.m; sourceTree = "<group>"; };
		2F1E430319B6BF6A004421C6 /* MHCustomization.h */ = {isa = PBXFileReference; fileEncoding = 4; lastKnownFileType = sourcecode.c.h; path = MHCustomization.h; sourceTree = "<group>"; };
		2F1E430419B6BF6A004421C6 /* MHCustomization.m */ = {isa = PBXFileReference; fileEncoding = 4; lastKnownFileType = sourcecode.c.objc; path = MHCustomization.m; sourceTree = "<group>"; };
		2F1E430619B6BF6A004421C6 /* MHGallery.h */ = {isa = PBXFileReference; fileEncoding = 4; lastKnownFileType = sourcecode.c.h; path = MHGallery.h; sourceTree = "<group>"; };
		2F1E430719B6BF6A004421C6 /* MHGallery.m */ = {isa = PBXFileReference; fileEncoding = 4; lastKnownFileType = sourcecode.c.objc; path = MHGallery.m; sourceTree = "<group>"; };
		2F1E430919B6BF6A004421C6 /* MHGalleryController.h */ = {isa = PBXFileReference; fileEncoding = 4; lastKnownFileType = sourcecode.c.h; path = MHGalleryController.h; sourceTree = "<group>"; };
		2F1E430A19B6BF6A004421C6 /* MHGalleryController.m */ = {isa = PBXFileReference; fileEncoding = 4; lastKnownFileType = sourcecode.c.objc; path = MHGalleryController.m; sourceTree = "<group>"; };
		2F1E430C19B6BF6A004421C6 /* MHGalleryImageViewerViewController.h */ = {isa = PBXFileReference; fileEncoding = 4; lastKnownFileType = sourcecode.c.h; path = MHGalleryImageViewerViewController.h; sourceTree = "<group>"; };
		2F1E430D19B6BF6A004421C6 /* MHGalleryImageViewerViewController.m */ = {isa = PBXFileReference; fileEncoding = 4; lastKnownFileType = sourcecode.c.objc; path = MHGalleryImageViewerViewController.m; sourceTree = "<group>"; };
		2F1E430F19B6BF6A004421C6 /* MHGalleryItem.h */ = {isa = PBXFileReference; fileEncoding = 4; lastKnownFileType = sourcecode.c.h; path = MHGalleryItem.h; sourceTree = "<group>"; };
		2F1E431019B6BF6A004421C6 /* MHGalleryItem.m */ = {isa = PBXFileReference; fileEncoding = 4; lastKnownFileType = sourcecode.c.objc; path = MHGalleryItem.m; sourceTree = "<group>"; };
		2F1E431219B6BF6A004421C6 /* MHPresenterImageView.h */ = {isa = PBXFileReference; fileEncoding = 4; lastKnownFileType = sourcecode.c.h; path = MHPresenterImageView.h; sourceTree = "<group>"; };
		2F1E431319B6BF6A004421C6 /* MHPresenterImageView.m */ = {isa = PBXFileReference; fileEncoding = 4; lastKnownFileType = sourcecode.c.objc; path = MHPresenterImageView.m; sourceTree = "<group>"; };
		2F1E431519B6BF6A004421C6 /* MHGallerySharedManager.h */ = {isa = PBXFileReference; fileEncoding = 4; lastKnownFileType = sourcecode.c.h; path = MHGallerySharedManager.h; sourceTree = "<group>"; };
		2F1E431619B6BF6A004421C6 /* MHGallerySharedManager.m */ = {isa = PBXFileReference; fileEncoding = 4; lastKnownFileType = sourcecode.c.objc; path = MHGallerySharedManager.m; sourceTree = "<group>"; };
		2F1E431719B6BF6A004421C6 /* MHGallerySharedManagerPrivate.h */ = {isa = PBXFileReference; fileEncoding = 4; lastKnownFileType = sourcecode.c.h; path = MHGallerySharedManagerPrivate.h; sourceTree = "<group>"; };
		2F1E431919B6BF6A004421C6 /* MHMediaPreviewCollectionViewCell.h */ = {isa = PBXFileReference; fileEncoding = 4; lastKnownFileType = sourcecode.c.h; path = MHMediaPreviewCollectionViewCell.h; sourceTree = "<group>"; };
		2F1E431A19B6BF6A004421C6 /* MHMediaPreviewCollectionViewCell.m */ = {isa = PBXFileReference; fileEncoding = 4; lastKnownFileType = sourcecode.c.objc; path = MHMediaPreviewCollectionViewCell.m; sourceTree = "<group>"; };
		2F1E431C19B6BF6A004421C6 /* MHOverviewController.h */ = {isa = PBXFileReference; fileEncoding = 4; lastKnownFileType = sourcecode.c.h; path = MHOverviewController.h; sourceTree = "<group>"; };
		2F1E431D19B6BF6A004421C6 /* MHOverviewController.m */ = {isa = PBXFileReference; fileEncoding = 4; lastKnownFileType = sourcecode.c.objc; path = MHOverviewController.m; sourceTree = "<group>"; };
		2F1E431F19B6BF6A004421C6 /* MHShareViewController.h */ = {isa = PBXFileReference; fileEncoding = 4; lastKnownFileType = sourcecode.c.h; path = MHShareViewController.h; sourceTree = "<group>"; };
		2F1E432019B6BF6A004421C6 /* MHShareViewController.m */ = {isa = PBXFileReference; fileEncoding = 4; lastKnownFileType = sourcecode.c.objc; path = MHShareViewController.m; sourceTree = "<group>"; };
		2F1E432219B6BF6A004421C6 /* MHUIImageViewContentViewAnimation.h */ = {isa = PBXFileReference; fileEncoding = 4; lastKnownFileType = sourcecode.c.h; path = MHUIImageViewContentViewAnimation.h; sourceTree = "<group>"; };
		2F1E432319B6BF6A004421C6 /* MHUIImageViewContentViewAnimation.m */ = {isa = PBXFileReference; fileEncoding = 4; lastKnownFileType = sourcecode.c.objc; path = MHUIImageViewContentViewAnimation.m; sourceTree = "<group>"; };
		2F1E432E19B6BF6A004421C6 /* NSData+ImageContentType.h */ = {isa = PBXFileReference; fileEncoding = 4; lastKnownFileType = sourcecode.c.h; path = "NSData+ImageContentType.h"; sourceTree = "<group>"; };
		2F1E432F19B6BF6A004421C6 /* NSData+ImageContentType.m */ = {isa = PBXFileReference; fileEncoding = 4; lastKnownFileType = sourcecode.c.objc; path = "NSData+ImageContentType.m"; sourceTree = "<group>"; };
		2F1E433019B6BF6A004421C6 /* SDImageCache.h */ = {isa = PBXFileReference; fileEncoding = 4; lastKnownFileType = sourcecode.c.h; path = SDImageCache.h; sourceTree = "<group>"; };
		2F1E433119B6BF6A004421C6 /* SDImageCache.m */ = {isa = PBXFileReference; fileEncoding = 4; lastKnownFileType = sourcecode.c.objc; path = SDImageCache.m; sourceTree = "<group>"; };
		2F1E433219B6BF6A004421C6 /* SDWebImageCompat.h */ = {isa = PBXFileReference; fileEncoding = 4; lastKnownFileType = sourcecode.c.h; path = SDWebImageCompat.h; sourceTree = "<group>"; };
		2F1E433319B6BF6A004421C6 /* SDWebImageCompat.m */ = {isa = PBXFileReference; fileEncoding = 4; lastKnownFileType = sourcecode.c.objc; path = SDWebImageCompat.m; sourceTree = "<group>"; };
		2F1E433419B6BF6A004421C6 /* SDWebImageDecoder.h */ = {isa = PBXFileReference; fileEncoding = 4; lastKnownFileType = sourcecode.c.h; path = SDWebImageDecoder.h; sourceTree = "<group>"; };
		2F1E433519B6BF6A004421C6 /* SDWebImageDecoder.m */ = {isa = PBXFileReference; fileEncoding = 4; lastKnownFileType = sourcecode.c.objc; path = SDWebImageDecoder.m; sourceTree = "<group>"; };
		2F1E433619B6BF6A004421C6 /* SDWebImageDownloader.h */ = {isa = PBXFileReference; fileEncoding = 4; lastKnownFileType = sourcecode.c.h; path = SDWebImageDownloader.h; sourceTree = "<group>"; };
		2F1E433719B6BF6A004421C6 /* SDWebImageDownloader.m */ = {isa = PBXFileReference; fileEncoding = 4; lastKnownFileType = sourcecode.c.objc; path = SDWebImageDownloader.m; sourceTree = "<group>"; };
		2F1E433819B6BF6A004421C6 /* SDWebImageDownloaderOperation.h */ = {isa = PBXFileReference; fileEncoding = 4; lastKnownFileType = sourcecode.c.h; path = SDWebImageDownloaderOperation.h; sourceTree = "<group>"; };
		2F1E433919B6BF6A004421C6 /* SDWebImageDownloaderOperation.m */ = {isa = PBXFileReference; fileEncoding = 4; lastKnownFileType = sourcecode.c.objc; path = SDWebImageDownloaderOperation.m; sourceTree = "<group>"; };
		2F1E433A19B6BF6A004421C6 /* SDWebImageManager.h */ = {isa = PBXFileReference; fileEncoding = 4; lastKnownFileType = sourcecode.c.h; path = SDWebImageManager.h; sourceTree = "<group>"; };
		2F1E433B19B6BF6A004421C6 /* SDWebImageManager.m */ = {isa = PBXFileReference; fileEncoding = 4; lastKnownFileType = sourcecode.c.objc; path = SDWebImageManager.m; sourceTree = "<group>"; };
		2F1E433C19B6BF6A004421C6 /* SDWebImageOperation.h */ = {isa = PBXFileReference; fileEncoding = 4; lastKnownFileType = sourcecode.c.h; path = SDWebImageOperation.h; sourceTree = "<group>"; };
		2F1E433D19B6BF6A004421C6 /* SDWebImagePrefetcher.h */ = {isa = PBXFileReference; fileEncoding = 4; lastKnownFileType = sourcecode.c.h; path = SDWebImagePrefetcher.h; sourceTree = "<group>"; };
		2F1E433E19B6BF6A004421C6 /* SDWebImagePrefetcher.m */ = {isa = PBXFileReference; fileEncoding = 4; lastKnownFileType = sourcecode.c.objc; path = SDWebImagePrefetcher.m; sourceTree = "<group>"; };
		2F1E433F19B6BF6A004421C6 /* UIButton+WebCache.h */ = {isa = PBXFileReference; fileEncoding = 4; lastKnownFileType = sourcecode.c.h; path = "UIButton+WebCache.h"; sourceTree = "<group>"; };
		2F1E434019B6BF6A004421C6 /* UIButton+WebCache.m */ = {isa = PBXFileReference; fileEncoding = 4; lastKnownFileType = sourcecode.c.objc; path = "UIButton+WebCache.m"; sourceTree = "<group>"; };
		2F1E434119B6BF6A004421C6 /* UIImage+GIF.h */ = {isa = PBXFileReference; fileEncoding = 4; lastKnownFileType = sourcecode.c.h; path = "UIImage+GIF.h"; sourceTree = "<group>"; };
		2F1E434219B6BF6A004421C6 /* UIImage+GIF.m */ = {isa = PBXFileReference; fileEncoding = 4; lastKnownFileType = sourcecode.c.objc; path = "UIImage+GIF.m"; sourceTree = "<group>"; };
		2F1E434319B6BF6A004421C6 /* UIImage+MultiFormat.h */ = {isa = PBXFileReference; fileEncoding = 4; lastKnownFileType = sourcecode.c.h; path = "UIImage+MultiFormat.h"; sourceTree = "<group>"; };
		2F1E434419B6BF6A004421C6 /* UIImage+MultiFormat.m */ = {isa = PBXFileReference; fileEncoding = 4; lastKnownFileType = sourcecode.c.objc; path = "UIImage+MultiFormat.m"; sourceTree = "<group>"; };
		2F1E434519B6BF6A004421C6 /* UIImageView+WebCache.h */ = {isa = PBXFileReference; fileEncoding = 4; lastKnownFileType = sourcecode.c.h; path = "UIImageView+WebCache.h"; sourceTree = "<group>"; };
		2F1E434619B6BF6A004421C6 /* UIImageView+WebCache.m */ = {isa = PBXFileReference; fileEncoding = 4; lastKnownFileType = sourcecode.c.objc; path = "UIImageView+WebCache.m"; sourceTree = "<group>"; };
		2F1E434819B6BF6A004421C6 /* MHTransitionDismissMHGallery.h */ = {isa = PBXFileReference; fileEncoding = 4; lastKnownFileType = sourcecode.c.h; path = MHTransitionDismissMHGallery.h; sourceTree = "<group>"; };
		2F1E434919B6BF6A004421C6 /* MHTransitionDismissMHGallery.m */ = {isa = PBXFileReference; fileEncoding = 4; lastKnownFileType = sourcecode.c.objc; path = MHTransitionDismissMHGallery.m; sourceTree = "<group>"; };
		2F1E434A19B6BF6A004421C6 /* MHTransitionPresentMHGallery.h */ = {isa = PBXFileReference; fileEncoding = 4; lastKnownFileType = sourcecode.c.h; path = MHTransitionPresentMHGallery.h; sourceTree = "<group>"; };
		2F1E434B19B6BF6A004421C6 /* MHTransitionPresentMHGallery.m */ = {isa = PBXFileReference; fileEncoding = 4; lastKnownFileType = sourcecode.c.objc; path = MHTransitionPresentMHGallery.m; sourceTree = "<group>"; };
		2F1E434C19B6BF6A004421C6 /* MHTransitionShowDetail.h */ = {isa = PBXFileReference; fileEncoding = 4; lastKnownFileType = sourcecode.c.h; path = MHTransitionShowDetail.h; sourceTree = "<group>"; };
		2F1E434D19B6BF6A004421C6 /* MHTransitionShowDetail.m */ = {isa = PBXFileReference; fileEncoding = 4; lastKnownFileType = sourcecode.c.objc; path = MHTransitionShowDetail.m; sourceTree = "<group>"; };
		2F1E434E19B6BF6A004421C6 /* MHTransitionShowOverView.h */ = {isa = PBXFileReference; fileEncoding = 4; lastKnownFileType = sourcecode.c.h; path = MHTransitionShowOverView.h; sourceTree = "<group>"; };
		2F1E434F19B6BF6A004421C6 /* MHTransitionShowOverView.m */ = {isa = PBXFileReference; fileEncoding = 4; lastKnownFileType = sourcecode.c.objc; path = MHTransitionShowOverView.m; sourceTree = "<group>"; };
		2F1E435019B6BF6A004421C6 /* MHTransitionShowShareView.h */ = {isa = PBXFileReference; fileEncoding = 4; lastKnownFileType = sourcecode.c.h; path = MHTransitionShowShareView.h; sourceTree = "<group>"; };
		2F1E435119B6BF6A004421C6 /* MHTransitionShowShareView.m */ = {isa = PBXFileReference; fileEncoding = 4; lastKnownFileType = sourcecode.c.objc; path = MHTransitionShowShareView.m; sourceTree = "<group>"; };
		2F1E435319B6BF6A004421C6 /* UIImageView+MHGallery.h */ = {isa = PBXFileReference; fileEncoding = 4; lastKnownFileType = sourcecode.c.h; path = "UIImageView+MHGallery.h"; sourceTree = "<group>"; };
		2F1E435419B6BF6A004421C6 /* UIImageView+MHGallery.m */ = {isa = PBXFileReference; fileEncoding = 4; lastKnownFileType = sourcecode.c.objc; path = "UIImageView+MHGallery.m"; sourceTree = "<group>"; };
		2F380386193F1C93004559C3 /* BluetoothCommunicationViewController.h */ = {isa = PBXFileReference; fileEncoding = 4; lastKnownFileType = sourcecode.c.h; path = BluetoothCommunicationViewController.h; sourceTree = "<group>"; };
		2F380387193F1C93004559C3 /* BluetoothCommunicationViewController.m */ = {isa = PBXFileReference; fileEncoding = 4; lastKnownFileType = sourcecode.c.objc; path = BluetoothCommunicationViewController.m; sourceTree = "<group>"; };
		2F3803991942DA24004559C3 /* LWTutorialViewController.h */ = {isa = PBXFileReference; fileEncoding = 4; lastKnownFileType = sourcecode.c.h; path = LWTutorialViewController.h; sourceTree = "<group>"; };
		2F38039A1942DA24004559C3 /* LWTutorialViewController.m */ = {isa = PBXFileReference; fileEncoding = 4; lastKnownFileType = sourcecode.c.objc; path = LWTutorialViewController.m; sourceTree = "<group>"; };
		2F38039F1942E108004559C3 /* Reveal.framework */ = {isa = PBXFileReference; lastKnownFileType = wrapper.framework; name = Reveal.framework; path = "../../../../../Applications/Reveal.app/Contents/SharedSupport/iOS-Libraries/Reveal.framework"; sourceTree = "<group>"; };
		2F4EB06019BAE198007A186E /* inwardAutoExposure.png */ = {isa = PBXFileReference; lastKnownFileType = image.png; path = inwardAutoExposure.png; sourceTree = "<group>"; };
		2F4EB06119BAE198007A186E /* inwardAutoExposureLocked.png */ = {isa = PBXFileReference; lastKnownFileType = image.png; path = inwardAutoExposureLocked.png; sourceTree = "<group>"; };
		2F4EB06219BAE198007A186E /* inwardAutoFocus.png */ = {isa = PBXFileReference; lastKnownFileType = image.png; path = inwardAutoFocus.png; sourceTree = "<group>"; };
		2F4EB06319BAE198007A186E /* inwardAutoFocusLocked.png */ = {isa = PBXFileReference; lastKnownFileType = image.png; path = inwardAutoFocusLocked.png; sourceTree = "<group>"; };
		2F4EB06419BAE198007A186E /* inwardBluetooth.png */ = {isa = PBXFileReference; lastKnownFileType = image.png; path = inwardBluetooth.png; sourceTree = "<group>"; };
		2F4EB06519BAE198007A186E /* inwardCameraMode-Action.png */ = {isa = PBXFileReference; lastKnownFileType = image.png; path = "inwardCameraMode-Action.png"; sourceTree = "<group>"; };
		2F4EB06619BAE198007A186E /* inwardCameraMode-Still.png */ = {isa = PBXFileReference; lastKnownFileType = image.png; path = "inwardCameraMode-Still.png"; sourceTree = "<group>"; };
		2F4EB06719BAE198007A186E /* inwardCameraMode-Video.png */ = {isa = PBXFileReference; lastKnownFileType = image.png; path = "inwardCameraMode-Video.png"; sourceTree = "<group>"; };
		2F4EB06819BAE198007A186E /* inwardCameraRoll.png */ = {isa = PBXFileReference; lastKnownFileType = image.png; path = inwardCameraRoll.png; sourceTree = "<group>"; };
		2F4EB06919BAE198007A186E /* inwardFlash.png */ = {isa = PBXFileReference; lastKnownFileType = image.png; path = inwardFlash.png; sourceTree = "<group>"; };
		2F4EB06A19BAE198007A186E /* inwardSettings.png */ = {isa = PBXFileReference; lastKnownFileType = image.png; path = inwardSettings.png; sourceTree = "<group>"; };
		2F4EB06B19BAE198007A186E /* inwardSounds.png */ = {isa = PBXFileReference; lastKnownFileType = image.png; path = inwardSounds.png; sourceTree = "<group>"; };
		2F4EB06C19BAE198007A186E /* inwardSwitchCamera.png */ = {isa = PBXFileReference; lastKnownFileType = image.png; path = inwardSwitchCamera.png; sourceTree = "<group>"; };
		2F4EB06D19BAE198007A186E /* tutorial-inwardAutoExposureOff.png */ = {isa = PBXFileReference; lastKnownFileType = image.png; path = "tutorial-inwardAutoExposureOff.png"; sourceTree = "<group>"; };
		2F4EB06E19BAE198007A186E /* tutorial-inwardAutoExposureOn.png */ = {isa = PBXFileReference; lastKnownFileType = image.png; path = "tutorial-inwardAutoExposureOn.png"; sourceTree = "<group>"; };
		2F4EB06F19BAE198007A186E /* tutorial-inwardAutoFocusOff.png */ = {isa = PBXFileReference; lastKnownFileType = image.png; path = "tutorial-inwardAutoFocusOff.png"; sourceTree = "<group>"; };
		2F4EB07019BAE198007A186E /* tutorial-inwardAutoFocusOn.png */ = {isa = PBXFileReference; lastKnownFileType = image.png; path = "tutorial-inwardAutoFocusOn.png"; sourceTree = "<group>"; };
		2F4EB08319BAE1AE007A186E /* cameraButtonDarkBG.png */ = {isa = PBXFileReference; lastKnownFileType = image.png; path = cameraButtonDarkBG.png; sourceTree = "<group>"; };
		2F4EB08419BAE1AE007A186E /* cameraButtonDarkBG@2x.png */ = {isa = PBXFileReference; lastKnownFileType = image.png; path = "cameraButtonDarkBG@2x.png"; sourceTree = "<group>"; };
		2F4EB08619BAE1AE007A186E /* inner.png */ = {isa = PBXFileReference; lastKnownFileType = image.png; path = inner.png; sourceTree = "<group>"; };
		2F4EB08719BAE1AE007A186E /* inner@2x.png */ = {isa = PBXFileReference; lastKnownFileType = image.png; path = "inner@2x.png"; sourceTree = "<group>"; };
		2F4EB08819BAE1AE007A186E /* innerHighlighted.png */ = {isa = PBXFileReference; lastKnownFileType = image.png; path = innerHighlighted.png; sourceTree = "<group>"; };
		2F4EB08919BAE1AE007A186E /* innerHighlighted@2x.png */ = {isa = PBXFileReference; lastKnownFileType = image.png; path = "innerHighlighted@2x.png"; sourceTree = "<group>"; };
		2F4EB08A19BAE1AE007A186E /* innerPlayingSound.png */ = {isa = PBXFileReference; lastKnownFileType = image.png; path = innerPlayingSound.png; sourceTree = "<group>"; };
		2F4EB08B19BAE1AE007A186E /* innerPlayingSound@2x.png */ = {isa = PBXFileReference; lastKnownFileType = image.png; path = "innerPlayingSound@2x.png"; sourceTree = "<group>"; };
		2F4EB08C19BAE1AE007A186E /* outer.png */ = {isa = PBXFileReference; lastKnownFileType = image.png; path = outer.png; sourceTree = "<group>"; };
		2F4EB08D19BAE1AE007A186E /* outer@2x.png */ = {isa = PBXFileReference; lastKnownFileType = image.png; path = "outer@2x.png"; sourceTree = "<group>"; };
		2F4EB08E19BAE1AE007A186E /* rapidInner.png */ = {isa = PBXFileReference; lastKnownFileType = image.png; path = rapidInner.png; sourceTree = "<group>"; };
		2F4EB08F19BAE1AE007A186E /* rapidInner@2x.png */ = {isa = PBXFileReference; lastKnownFileType = image.png; path = "rapidInner@2x.png"; sourceTree = "<group>"; };
		2F4EB09019BAE1AE007A186E /* rapidInnerHighlighted.png */ = {isa = PBXFileReference; lastKnownFileType = image.png; path = rapidInnerHighlighted.png; sourceTree = "<group>"; };
		2F4EB09119BAE1AE007A186E /* rapidInnerHighlighted@2x.png */ = {isa = PBXFileReference; lastKnownFileType = image.png; path = "rapidInnerHighlighted@2x.png"; sourceTree = "<group>"; };
		2F4EB09219BAE1AE007A186E /* redInner.png */ = {isa = PBXFileReference; lastKnownFileType = image.png; path = redInner.png; sourceTree = "<group>"; };
		2F4EB09319BAE1AE007A186E /* redInner@2x.png */ = {isa = PBXFileReference; lastKnownFileType = image.png; path = "redInner@2x.png"; sourceTree = "<group>"; };
		2F4EB09419BAE1AE007A186E /* redInnerHighlighted.png */ = {isa = PBXFileReference; lastKnownFileType = image.png; path = redInnerHighlighted.png; sourceTree = "<group>"; };
		2F4EB09519BAE1AE007A186E /* redInnerHighlighted@2x.png */ = {isa = PBXFileReference; lastKnownFileType = image.png; path = "redInnerHighlighted@2x.png"; sourceTree = "<group>"; };
		2F4EB0A919BAE1BB007A186E /* exposure.png */ = {isa = PBXFileReference; lastKnownFileType = image.png; name = exposure.png; path = "../../../../../Dropbox/Remote Shot/icons/exposure.png"; sourceTree = "<group>"; };
		2F4EB0AA19BAE1BB007A186E /* exposure@2x.png */ = {isa = PBXFileReference; lastKnownFileType = image.png; name = "exposure@2x.png"; path = "../../../../../Dropbox/Remote Shot/icons/exposure@2x.png"; sourceTree = "<group>"; };
		2F4EB0AD19BAE1C1007A186E /* focus.png */ = {isa = PBXFileReference; lastKnownFileType = image.png; name = focus.png; path = "../../../../../Dropbox/Remote Shot/icons/focus.png"; sourceTree = "<group>"; };
		2F4EB0AE19BAE1C1007A186E /* focus@2x.png */ = {isa = PBXFileReference; lastKnownFileType = image.png; name = "focus@2x.png"; path = "../../../../../Dropbox/Remote Shot/icons/focus@2x.png"; sourceTree = "<group>"; };
		2F4EB0B219BAE1CA007A186E /* check.png */ = {isa = PBXFileReference; lastKnownFileType = image.png; path = check.png; sourceTree = "<group>"; };
		2F4EB0B319BAE1CA007A186E /* check@2x.png */ = {isa = PBXFileReference; lastKnownFileType = image.png; path = "check@2x.png"; sourceTree = "<group>"; };
		2F4EB0B419BAE1CA007A186E /* cross.png */ = {isa = PBXFileReference; lastKnownFileType = image.png; path = cross.png; sourceTree = "<group>"; };
		2F4EB0B519BAE1CA007A186E /* cross@2x.png */ = {isa = PBXFileReference; lastKnownFileType = image.png; path = "cross@2x.png"; sourceTree = "<group>"; };
		2F4EB0BD19BAE1EB007A186E /* actionSwipeImage.png */ = {isa = PBXFileReference; lastKnownFileType = image.png; path = actionSwipeImage.png; sourceTree = "<group>"; };
		2F4EB0BE19BAE1EB007A186E /* actionSwipeImage@2x.png */ = {isa = PBXFileReference; lastKnownFileType = image.png; path = "actionSwipeImage@2x.png"; sourceTree = "<group>"; };
		2F4EB0BF19BAE1EB007A186E /* stillSwipeImage.png */ = {isa = PBXFileReference; lastKnownFileType = image.png; path = stillSwipeImage.png; sourceTree = "<group>"; };
		2F4EB0C019BAE1EB007A186E /* stillSwipeImage@2x.png */ = {isa = PBXFileReference; lastKnownFileType = image.png; path = "stillSwipeImage@2x.png"; sourceTree = "<group>"; };
		2F4EB0C219BAE1EB007A186E /* videoSwipeImage.png */ = {isa = PBXFileReference; lastKnownFileType = image.png; path = videoSwipeImage.png; sourceTree = "<group>"; };
		2F4EB0C319BAE1EB007A186E /* videoSwipeImage@2x.png */ = {isa = PBXFileReference; lastKnownFileType = image.png; path = "videoSwipeImage@2x.png"; sourceTree = "<group>"; };
		2F4EB0CC19BAE1FC007A186E /* switchAppMode.png */ = {isa = PBXFileReference; lastKnownFileType = image.png; path = switchAppMode.png; sourceTree = "<group>"; };
		2F4EB0CD19BAE1FC007A186E /* switchAppMode@2x.png */ = {isa = PBXFileReference; lastKnownFileType = image.png; path = "switchAppMode@2x.png"; sourceTree = "<group>"; };
		2F4EB0CE19BAE1FC007A186E /* switchAppModeToClickShot.png */ = {isa = PBXFileReference; lastKnownFileType = image.png; path = switchAppModeToClickShot.png; sourceTree = "<group>"; };
		2F4EB0CF19BAE1FC007A186E /* switchAppModeToClickShot@2x.png */ = {isa = PBXFileReference; lastKnownFileType = image.png; path = "switchAppModeToClickShot@2x.png"; sourceTree = "<group>"; };
		2F4EB0D619BAE209007A186E /* tableViewDivider.png */ = {isa = PBXFileReference; lastKnownFileType = image.png; name = tableViewDivider.png; path = "../../../../../Dropbox/Remote Shot/icons/tableViewDivider.png"; sourceTree = "<group>"; };
		2F4EB0D719BAE209007A186E /* tableViewDivider@2x.png */ = {isa = PBXFileReference; lastKnownFileType = image.png; name = "tableViewDivider@2x.png"; path = "../../../../../Dropbox/Remote Shot/icons/tableViewDivider@2x.png"; sourceTree = "<group>"; };
		2F4EB0DB19BAE210007A186E /* tutorialIcon.png */ = {isa = PBXFileReference; lastKnownFileType = image.png; path = tutorialIcon.png; sourceTree = "<group>"; };
		2F4EB0DD19BAE210007A186E /* tutorialIcon@2x.png */ = {isa = PBXFileReference; lastKnownFileType = image.png; path = "tutorialIcon@2x.png"; sourceTree = "<group>"; };
		2F71F2BF193E823E00FA41C2 /* UIApplication+ScreenSize.h */ = {isa = PBXFileReference; fileEncoding = 4; lastKnownFileType = sourcecode.c.h; path = "UIApplication+ScreenSize.h"; sourceTree = "<group>"; };
		2F71F2C0193E823E00FA41C2 /* UIApplication+ScreenSize.m */ = {isa = PBXFileReference; fileEncoding = 4; lastKnownFileType = sourcecode.c.objc; path = "UIApplication+ScreenSize.m"; sourceTree = "<group>"; };
		2F8EA3CE1985820100219F3B /* DragAnimationView.h */ = {isa = PBXFileReference; fileEncoding = 4; lastKnownFileType = sourcecode.c.h; path = DragAnimationView.h; sourceTree = "<group>"; };
		2F8EA3CF1985820100219F3B /* DragAnimationView.m */ = {isa = PBXFileReference; fileEncoding = 4; lastKnownFileType = sourcecode.c.objc; path = DragAnimationView.m; sourceTree = "<group>"; };
		2FE9BFC919A719DC00EC358F /* UIImage+Overlay.h */ = {isa = PBXFileReference; fileEncoding = 4; lastKnownFileType = sourcecode.c.h; path = "UIImage+Overlay.h"; sourceTree = "<group>"; };
		2FE9BFCA19A719DC00EC358F /* UIImage+Overlay.m */ = {isa = PBXFileReference; fileEncoding = 4; lastKnownFileType = sourcecode.c.objc; path = "UIImage+Overlay.m"; sourceTree = "<group>"; };
		2FE9C08E19A89E1C00EC358F /* UIImage+StackBlur.h */ = {isa = PBXFileReference; fileEncoding = 4; lastKnownFileType = sourcecode.c.h; path = "UIImage+StackBlur.h"; sourceTree = "<group>"; };
		2FE9C08F19A89E1C00EC358F /* UIImage+StackBlur.m */ = {isa = PBXFileReference; fileEncoding = 4; lastKnownFileType = sourcecode.c.objc; path = "UIImage+StackBlur.m"; sourceTree = "<group>"; };
		2FFD530C19A14D3E0064E216 /* TransferService.h */ = {isa = PBXFileReference; fileEncoding = 4; lastKnownFileType = sourcecode.c.h; path = TransferService.h; sourceTree = "<group>"; };
		2FFFDFA6192FD3D900F3370B /* Cam Remote.app */ = {isa = PBXFileReference; explicitFileType = wrapper.application; includeInIndex = 0; path = "Cam Remote.app"; sourceTree = BUILT_PRODUCTS_DIR; };
		2FFFDFA9192FD3D900F3370B /* Foundation.framework */ = {isa = PBXFileReference; lastKnownFileType = wrapper.framework; name = Foundation.framework; path = System/Library/Frameworks/Foundation.framework; sourceTree = SDKROOT; };
		2FFFDFAB192FD3D900F3370B /* CoreGraphics.framework */ = {isa = PBXFileReference; lastKnownFileType = wrapper.framework; name = CoreGraphics.framework; path = System/Library/Frameworks/CoreGraphics.framework; sourceTree = SDKROOT; };
		2FFFDFAD192FD3D900F3370B /* UIKit.framework */ = {isa = PBXFileReference; lastKnownFileType = wrapper.framework; name = UIKit.framework; path = System/Library/Frameworks/UIKit.framework; sourceTree = SDKROOT; };
		2FFFDFB1192FD3D900F3370B /* Cam Remote-Info.plist */ = {isa = PBXFileReference; lastKnownFileType = text.plist.xml; path = "Cam Remote-Info.plist"; sourceTree = "<group>"; };
		2FFFDFB3192FD3D900F3370B /* en */ = {isa = PBXFileReference; lastKnownFileType = text.plist.strings; name = en; path = en.lproj/InfoPlist.strings; sourceTree = "<group>"; };
		2FFFDFB5192FD3D900F3370B /* main.m */ = {isa = PBXFileReference; lastKnownFileType = sourcecode.c.objc; path = main.m; sourceTree = "<group>"; };
		2FFFDFB7192FD3D900F3370B /* Cam Remote-Prefix.pch */ = {isa = PBXFileReference; lastKnownFileType = sourcecode.c.h; path = "Cam Remote-Prefix.pch"; sourceTree = "<group>"; };
		2FFFDFB8192FD3D900F3370B /* AppDelegate.h */ = {isa = PBXFileReference; lastKnownFileType = sourcecode.c.h; path = AppDelegate.h; sourceTree = "<group>"; };
		2FFFDFB9192FD3D900F3370B /* AppDelegate.m */ = {isa = PBXFileReference; lastKnownFileType = sourcecode.c.objc; path = AppDelegate.m; sourceTree = "<group>"; };
		2FFFDFBC192FD3D900F3370B /* Base */ = {isa = PBXFileReference; lastKnownFileType = file.storyboard; name = Base; path = Base.lproj/Main_iPhone.storyboard; sourceTree = "<group>"; };
		2FFFDFBF192FD3D900F3370B /* Base */ = {isa = PBXFileReference; lastKnownFileType = file.storyboard; name = Base; path = Base.lproj/Main_iPad.storyboard; sourceTree = "<group>"; };
		2FFFDFC4192FD3D900F3370B /* Images.xcassets */ = {isa = PBXFileReference; lastKnownFileType = folder.assetcatalog; path = Images.xcassets; sourceTree = "<group>"; };
		2FFFDFCA192FD3D900F3370B /* Cam RemoteTests.xctest */ = {isa = PBXFileReference; explicitFileType = wrapper.cfbundle; includeInIndex = 0; path = "Cam RemoteTests.xctest"; sourceTree = BUILT_PRODUCTS_DIR; };
		2FFFDFCB192FD3D900F3370B /* XCTest.framework */ = {isa = PBXFileReference; lastKnownFileType = wrapper.framework; name = XCTest.framework; path = Library/Frameworks/XCTest.framework; sourceTree = DEVELOPER_DIR; };
		2FFFDFD3192FD3D900F3370B /* Cam RemoteTests-Info.plist */ = {isa = PBXFileReference; lastKnownFileType = text.plist.xml; path = "Cam RemoteTests-Info.plist"; sourceTree = "<group>"; };
		2FFFDFD5192FD3D900F3370B /* en */ = {isa = PBXFileReference; lastKnownFileType = text.plist.strings; name = en; path = en.lproj/InfoPlist.strings; sourceTree = "<group>"; };
		2FFFDFD7192FD3D900F3370B /* Cam_RemoteTests.m */ = {isa = PBXFileReference; lastKnownFileType = sourcecode.c.objc; path = Cam_RemoteTests.m; sourceTree = "<group>"; };
		2FFFE0D9192FD64C00F3370B /* AVFoundation.framework */ = {isa = PBXFileReference; lastKnownFileType = wrapper.framework; name = AVFoundation.framework; path = System/Library/Frameworks/AVFoundation.framework; sourceTree = SDKROOT; };
		2FFFE0DB192FD65200F3370B /* OpenGLES.framework */ = {isa = PBXFileReference; lastKnownFileType = wrapper.framework; name = OpenGLES.framework; path = System/Library/Frameworks/OpenGLES.framework; sourceTree = SDKROOT; };
		2FFFE0DD192FD65700F3370B /* CoreVideo.framework */ = {isa = PBXFileReference; lastKnownFileType = wrapper.framework; name = CoreVideo.framework; path = System/Library/Frameworks/CoreVideo.framework; sourceTree = SDKROOT; };
		2FFFE0DF192FD65D00F3370B /* CoreMedia.framework */ = {isa = PBXFileReference; lastKnownFileType = wrapper.framework; name = CoreMedia.framework; path = System/Library/Frameworks/CoreMedia.framework; sourceTree = SDKROOT; };
		2FFFE0E1192FD66400F3370B /* AssetsLibrary.framework */ = {isa = PBXFileReference; lastKnownFileType = wrapper.framework; name = AssetsLibrary.framework; path = System/Library/Frameworks/AssetsLibrary.framework; sourceTree = SDKROOT; };
		2FFFE0E3192FD66900F3370B /* QuartzCore.framework */ = {isa = PBXFileReference; lastKnownFileType = wrapper.framework; name = QuartzCore.framework; path = System/Library/Frameworks/QuartzCore.framework; sourceTree = SDKROOT; };
		2FFFE0E5192FD66F00F3370B /* Accelerate.framework */ = {isa = PBXFileReference; lastKnownFileType = wrapper.framework; name = Accelerate.framework; path = System/Library/Frameworks/Accelerate.framework; sourceTree = SDKROOT; };
		2FFFE0EC192FD73B00F3370B /* CSRCameraButton.h */ = {isa = PBXFileReference; fileEncoding = 4; lastKnownFileType = sourcecode.c.h; path = CSRCameraButton.h; sourceTree = "<group>"; };
		2FFFE0ED192FD73B00F3370B /* CSRCameraButton.m */ = {isa = PBXFileReference; fileEncoding = 4; lastKnownFileType = sourcecode.c.objc; path = CSRCameraButton.m; sourceTree = "<group>"; };
		2FFFE0F1192FD73B00F3370B /* CameraRemoteViewController.h */ = {isa = PBXFileReference; fileEncoding = 4; lastKnownFileType = sourcecode.c.h; path = CameraRemoteViewController.h; sourceTree = "<group>"; };
		2FFFE0F2192FD73B00F3370B /* CameraRemoteViewController.m */ = {isa = PBXFileReference; fileEncoding = 4; lastKnownFileType = sourcecode.c.objc; path = CameraRemoteViewController.m; sourceTree = "<group>"; };
		2FFFE0F3192FD73B00F3370B /* CSRMoveableImageView.h */ = {isa = PBXFileReference; fileEncoding = 4; lastKnownFileType = sourcecode.c.h; path = CSRMoveableImageView.h; sourceTree = "<group>"; };
		2FFFE0F4192FD73B00F3370B /* CSRMoveableImageView.m */ = {isa = PBXFileReference; fileEncoding = 4; lastKnownFileType = sourcecode.c.objc; path = CSRMoveableImageView.m; sourceTree = "<group>"; };
		2FFFE0FF192FD7F100F3370B /* MBProgressHUD.h */ = {isa = PBXFileReference; fileEncoding = 4; lastKnownFileType = sourcecode.c.h; path = MBProgressHUD.h; sourceTree = "<group>"; };
		2FFFE100192FD7F100F3370B /* MBProgressHUD.m */ = {isa = PBXFileReference; fileEncoding = 4; lastKnownFileType = sourcecode.c.objc; path = MBProgressHUD.m; sourceTree = "<group>"; };
		2FFFE103192FD84100F3370B /* alienRampUp.wav */ = {isa = PBXFileReference; lastKnownFileType = audio.wav; path = alienRampUp.wav; sourceTree = "<group>"; };
		2FFFE104192FD84100F3370B /* birdChirp.wav */ = {isa = PBXFileReference; lastKnownFileType = audio.wav; path = birdChirp.wav; sourceTree = "<group>"; };
		2FFFE105192FD84100F3370B /* bombCountdown.wav */ = {isa = PBXFileReference; lastKnownFileType = audio.wav; path = bombCountdown.wav; sourceTree = "<group>"; };
		2FFFE106192FD84100F3370B /* catMeow.wav */ = {isa = PBXFileReference; lastKnownFileType = audio.wav; path = catMeow.wav; sourceTree = "<group>"; };
		2FFFE107192FD84100F3370B /* dogBark.wav */ = {isa = PBXFileReference; lastKnownFileType = audio.wav; path = dogBark.wav; sourceTree = "<group>"; };
/* End PBXFileReference section */

/* Begin PBXFrameworksBuildPhase section */
		2FFFDFA3192FD3D900F3370B /* Frameworks */ = {
			isa = PBXFrameworksBuildPhase;
			buildActionMask = 2147483647;
			files = (
				2FFFDFAC192FD3D900F3370B /* CoreGraphics.framework in Frameworks */,
				2FFFE0E6192FD66F00F3370B /* Accelerate.framework in Frameworks */,
				2FFFE0E4192FD66900F3370B /* QuartzCore.framework in Frameworks */,
				2FFFE0E2192FD66400F3370B /* AssetsLibrary.framework in Frameworks */,
				2FFFE0E0192FD65D00F3370B /* CoreMedia.framework in Frameworks */,
				2FFFE0DE192FD65700F3370B /* CoreVideo.framework in Frameworks */,
				2FFFE0DC192FD65200F3370B /* OpenGLES.framework in Frameworks */,
				2FFFE0DA192FD64C00F3370B /* AVFoundation.framework in Frameworks */,
				2FFFDFAE192FD3D900F3370B /* UIKit.framework in Frameworks */,
				2FFFDFAA192FD3D900F3370B /* Foundation.framework in Frameworks */,
			);
			runOnlyForDeploymentPostprocessing = 0;
		};
		2FFFDFC7192FD3D900F3370B /* Frameworks */ = {
			isa = PBXFrameworksBuildPhase;
			buildActionMask = 2147483647;
			files = (
				2FFFDFCC192FD3D900F3370B /* XCTest.framework in Frameworks */,
				2FFFDFCE192FD3D900F3370B /* UIKit.framework in Frameworks */,
				2FFFDFCD192FD3D900F3370B /* Foundation.framework in Frameworks */,
			);
			runOnlyForDeploymentPostprocessing = 0;
		};
/* End PBXFrameworksBuildPhase section */

/* Begin PBXGroup section */
		2F1E42F519B6BF6A004421C6 /* Custom MHGallery */ = {
			isa = PBXGroup;
			children = (
				2F1E42F619B6BF6A004421C6 /* Custom SARangeSlider */,
				2F1E430219B6BF6A004421C6 /* MHCustomization */,
				2F1E430519B6BF6A004421C6 /* MHGallery */,
				2F1E430819B6BF6A004421C6 /* MHGalleryController */,
				2F1E430B19B6BF6A004421C6 /* MHGalleryImageViewerViewController */,
				2F1E430E19B6BF6A004421C6 /* MHGalleryItem */,
				2F1E431119B6BF6A004421C6 /* MHGalleryPresenterImageView */,
				2F1E431419B6BF6A004421C6 /* MHGallerySharedManager */,
				2F1E431819B6BF6A004421C6 /* MHMediaPreviewCollectionViewCell */,
				2F1E431B19B6BF6A004421C6 /* MHOverviewController */,
				2F1E431E19B6BF6A004421C6 /* MHShareViewController */,
				2F1E432119B6BF6A004421C6 /* MHUIImageViewContentViewAnimation */,
				2F1E432D19B6BF6A004421C6 /* SDWebImage */,
				2F1E434719B6BF6A004421C6 /* Transitions */,
				2F1E435219B6BF6A004421C6 /* UIImageView+MHGallery */,
			);
			path = "Custom MHGallery";
			sourceTree = "<group>";
		};
		2F1E42F619B6BF6A004421C6 /* Custom SARangeSlider */ = {
			isa = PBXGroup;
			children = (
				2F1E42F719B6BF6A004421C6 /* SAScrubber.h */,
				2F1E42F819B6BF6A004421C6 /* SAScrubber.m */,
				2F1E42F919B6BF6A004421C6 /* SAVideoRangeSlider */,
			);
			path = "Custom SARangeSlider";
			sourceTree = "<group>";
		};
		2F1E42F919B6BF6A004421C6 /* SAVideoRangeSlider */ = {
			isa = PBXGroup;
			children = (
				2F1E42FA19B6BF6A004421C6 /* SAResizibleBubble.h */,
				2F1E42FB19B6BF6A004421C6 /* SAResizibleBubble.m */,
				2F1E42FC19B6BF6A004421C6 /* SASliderLeft.h */,
				2F1E42FD19B6BF6A004421C6 /* SASliderLeft.m */,
				2F1E42FE19B6BF6A004421C6 /* SASliderRight.h */,
				2F1E42FF19B6BF6A004421C6 /* SASliderRight.m */,
				2F1E430019B6BF6A004421C6 /* SAVideoRangeSlider.h */,
				2F1E430119B6BF6A004421C6 /* SAVideoRangeSlider.m */,
			);
			path = SAVideoRangeSlider;
			sourceTree = "<group>";
		};
		2F1E430219B6BF6A004421C6 /* MHCustomization */ = {
			isa = PBXGroup;
			children = (
				2F1E430319B6BF6A004421C6 /* MHCustomization.h */,
				2F1E430419B6BF6A004421C6 /* MHCustomization.m */,
			);
			path = MHCustomization;
			sourceTree = "<group>";
		};
		2F1E430519B6BF6A004421C6 /* MHGallery */ = {
			isa = PBXGroup;
			children = (
				2F1E430619B6BF6A004421C6 /* MHGallery.h */,
				2F1E430719B6BF6A004421C6 /* MHGallery.m */,
			);
			path = MHGallery;
			sourceTree = "<group>";
		};
		2F1E430819B6BF6A004421C6 /* MHGalleryController */ = {
			isa = PBXGroup;
			children = (
				2F1E430919B6BF6A004421C6 /* MHGalleryController.h */,
				2F1E430A19B6BF6A004421C6 /* MHGalleryController.m */,
			);
			path = MHGalleryController;
			sourceTree = "<group>";
		};
		2F1E430B19B6BF6A004421C6 /* MHGalleryImageViewerViewController */ = {
			isa = PBXGroup;
			children = (
				2F1E430C19B6BF6A004421C6 /* MHGalleryImageViewerViewController.h */,
				2F1E430D19B6BF6A004421C6 /* MHGalleryImageViewerViewController.m */,
			);
			path = MHGalleryImageViewerViewController;
			sourceTree = "<group>";
		};
		2F1E430E19B6BF6A004421C6 /* MHGalleryItem */ = {
			isa = PBXGroup;
			children = (
				2F1E430F19B6BF6A004421C6 /* MHGalleryItem.h */,
				2F1E431019B6BF6A004421C6 /* MHGalleryItem.m */,
			);
			path = MHGalleryItem;
			sourceTree = "<group>";
		};
		2F1E431119B6BF6A004421C6 /* MHGalleryPresenterImageView */ = {
			isa = PBXGroup;
			children = (
				2F1E431219B6BF6A004421C6 /* MHPresenterImageView.h */,
				2F1E431319B6BF6A004421C6 /* MHPresenterImageView.m */,
			);
			path = MHGalleryPresenterImageView;
			sourceTree = "<group>";
		};
		2F1E431419B6BF6A004421C6 /* MHGallerySharedManager */ = {
			isa = PBXGroup;
			children = (
				2F1E431519B6BF6A004421C6 /* MHGallerySharedManager.h */,
				2F1E431619B6BF6A004421C6 /* MHGallerySharedManager.m */,
				2F1E431719B6BF6A004421C6 /* MHGallerySharedManagerPrivate.h */,
			);
			path = MHGallerySharedManager;
			sourceTree = "<group>";
		};
		2F1E431819B6BF6A004421C6 /* MHMediaPreviewCollectionViewCell */ = {
			isa = PBXGroup;
			children = (
				2F1E431919B6BF6A004421C6 /* MHMediaPreviewCollectionViewCell.h */,
				2F1E431A19B6BF6A004421C6 /* MHMediaPreviewCollectionViewCell.m */,
			);
			path = MHMediaPreviewCollectionViewCell;
			sourceTree = "<group>";
		};
		2F1E431B19B6BF6A004421C6 /* MHOverviewController */ = {
			isa = PBXGroup;
			children = (
				2F1E431C19B6BF6A004421C6 /* MHOverviewController.h */,
				2F1E431D19B6BF6A004421C6 /* MHOverviewController.m */,
			);
			path = MHOverviewController;
			sourceTree = "<group>";
		};
		2F1E431E19B6BF6A004421C6 /* MHShareViewController */ = {
			isa = PBXGroup;
			children = (
				2F1E431F19B6BF6A004421C6 /* MHShareViewController.h */,
				2F1E432019B6BF6A004421C6 /* MHShareViewController.m */,
			);
			path = MHShareViewController;
			sourceTree = "<group>";
		};
		2F1E432119B6BF6A004421C6 /* MHUIImageViewContentViewAnimation */ = {
			isa = PBXGroup;
			children = (
				2F1E432219B6BF6A004421C6 /* MHUIImageViewContentViewAnimation.h */,
				2F1E432319B6BF6A004421C6 /* MHUIImageViewContentViewAnimation.m */,
			);
			path = MHUIImageViewContentViewAnimation;
			sourceTree = "<group>";
		};
		2F1E432D19B6BF6A004421C6 /* SDWebImage */ = {
			isa = PBXGroup;
			children = (
				2F1E432E19B6BF6A004421C6 /* NSData+ImageContentType.h */,
				2F1E432F19B6BF6A004421C6 /* NSData+ImageContentType.m */,
				2F1E433019B6BF6A004421C6 /* SDImageCache.h */,
				2F1E433119B6BF6A004421C6 /* SDImageCache.m */,
				2F1E433219B6BF6A004421C6 /* SDWebImageCompat.h */,
				2F1E433319B6BF6A004421C6 /* SDWebImageCompat.m */,
				2F1E433419B6BF6A004421C6 /* SDWebImageDecoder.h */,
				2F1E433519B6BF6A004421C6 /* SDWebImageDecoder.m */,
				2F1E433619B6BF6A004421C6 /* SDWebImageDownloader.h */,
				2F1E433719B6BF6A004421C6 /* SDWebImageDownloader.m */,
				2F1E433819B6BF6A004421C6 /* SDWebImageDownloaderOperation.h */,
				2F1E433919B6BF6A004421C6 /* SDWebImageDownloaderOperation.m */,
				2F1E433A19B6BF6A004421C6 /* SDWebImageManager.h */,
				2F1E433B19B6BF6A004421C6 /* SDWebImageManager.m */,
				2F1E433C19B6BF6A004421C6 /* SDWebImageOperation.h */,
				2F1E433D19B6BF6A004421C6 /* SDWebImagePrefetcher.h */,
				2F1E433E19B6BF6A004421C6 /* SDWebImagePrefetcher.m */,
				2F1E433F19B6BF6A004421C6 /* UIButton+WebCache.h */,
				2F1E434019B6BF6A004421C6 /* UIButton+WebCache.m */,
				2F1E434119B6BF6A004421C6 /* UIImage+GIF.h */,
				2F1E434219B6BF6A004421C6 /* UIImage+GIF.m */,
				2F1E434319B6BF6A004421C6 /* UIImage+MultiFormat.h */,
				2F1E434419B6BF6A004421C6 /* UIImage+MultiFormat.m */,
				2F1E434519B6BF6A004421C6 /* UIImageView+WebCache.h */,
				2F1E434619B6BF6A004421C6 /* UIImageView+WebCache.m */,
			);
			path = SDWebImage;
			sourceTree = "<group>";
		};
		2F1E434719B6BF6A004421C6 /* Transitions */ = {
			isa = PBXGroup;
			children = (
				2F1E434819B6BF6A004421C6 /* MHTransitionDismissMHGallery.h */,
				2F1E434919B6BF6A004421C6 /* MHTransitionDismissMHGallery.m */,
				2F1E434A19B6BF6A004421C6 /* MHTransitionPresentMHGallery.h */,
				2F1E434B19B6BF6A004421C6 /* MHTransitionPresentMHGallery.m */,
				2F1E434C19B6BF6A004421C6 /* MHTransitionShowDetail.h */,
				2F1E434D19B6BF6A004421C6 /* MHTransitionShowDetail.m */,
				2F1E434E19B6BF6A004421C6 /* MHTransitionShowOverView.h */,
				2F1E434F19B6BF6A004421C6 /* MHTransitionShowOverView.m */,
				2F1E435019B6BF6A004421C6 /* MHTransitionShowShareView.h */,
				2F1E435119B6BF6A004421C6 /* MHTransitionShowShareView.m */,
			);
			path = Transitions;
			sourceTree = "<group>";
		};
		2F1E435219B6BF6A004421C6 /* UIImageView+MHGallery */ = {
			isa = PBXGroup;
			children = (
				2F1E435319B6BF6A004421C6 /* UIImageView+MHGallery.h */,
				2F1E435419B6BF6A004421C6 /* UIImageView+MHGallery.m */,
			);
			path = "UIImageView+MHGallery";
			sourceTree = "<group>";
		};
		2F4EB05F19BAE198007A186E /* InwardUIIcons */ = {
			isa = PBXGroup;
			children = (
				2F4EB06019BAE198007A186E /* inwardAutoExposure.png */,
				2F4EB06119BAE198007A186E /* inwardAutoExposureLocked.png */,
				2F4EB06219BAE198007A186E /* inwardAutoFocus.png */,
				2F4EB06319BAE198007A186E /* inwardAutoFocusLocked.png */,
				2F4EB06419BAE198007A186E /* inwardBluetooth.png */,
				2F4EB06519BAE198007A186E /* inwardCameraMode-Action.png */,
				2F4EB06619BAE198007A186E /* inwardCameraMode-Still.png */,
				2F4EB06719BAE198007A186E /* inwardCameraMode-Video.png */,
				2F4EB06819BAE198007A186E /* inwardCameraRoll.png */,
				2F4EB06919BAE198007A186E /* inwardFlash.png */,
				2F4EB06A19BAE198007A186E /* inwardSettings.png */,
				2F4EB06B19BAE198007A186E /* inwardSounds.png */,
				2F4EB06C19BAE198007A186E /* inwardSwitchCamera.png */,
				2F4EB06D19BAE198007A186E /* tutorial-inwardAutoExposureOff.png */,
				2F4EB06E19BAE198007A186E /* tutorial-inwardAutoExposureOn.png */,
				2F4EB06F19BAE198007A186E /* tutorial-inwardAutoFocusOff.png */,
				2F4EB07019BAE198007A186E /* tutorial-inwardAutoFocusOn.png */,
			);
			name = InwardUIIcons;
			path = "../../../../../Dropbox/Remote Shot/icons/InwardUIIcons";
			sourceTree = "<group>";
		};
		2F4EB08219BAE1AE007A186E /* camera button */ = {
			isa = PBXGroup;
			children = (
				2F4EB08319BAE1AE007A186E /* cameraButtonDarkBG.png */,
				2F4EB08419BAE1AE007A186E /* cameraButtonDarkBG@2x.png */,
				2F4EB08619BAE1AE007A186E /* inner.png */,
				2F4EB08719BAE1AE007A186E /* inner@2x.png */,
				2F4EB08819BAE1AE007A186E /* innerHighlighted.png */,
				2F4EB08919BAE1AE007A186E /* innerHighlighted@2x.png */,
				2F4EB08A19BAE1AE007A186E /* innerPlayingSound.png */,
				2F4EB08B19BAE1AE007A186E /* innerPlayingSound@2x.png */,
				2F4EB08C19BAE1AE007A186E /* outer.png */,
				2F4EB08D19BAE1AE007A186E /* outer@2x.png */,
				2F4EB08E19BAE1AE007A186E /* rapidInner.png */,
				2F4EB08F19BAE1AE007A186E /* rapidInner@2x.png */,
				2F4EB09019BAE1AE007A186E /* rapidInnerHighlighted.png */,
				2F4EB09119BAE1AE007A186E /* rapidInnerHighlighted@2x.png */,
				2F4EB09219BAE1AE007A186E /* redInner.png */,
				2F4EB09319BAE1AE007A186E /* redInner@2x.png */,
				2F4EB09419BAE1AE007A186E /* redInnerHighlighted.png */,
				2F4EB09519BAE1AE007A186E /* redInnerHighlighted@2x.png */,
			);
			name = "camera button";
			path = "../../../../../Dropbox/Remote Shot/icons/camera button";
			sourceTree = "<group>";
		};
		2F4EB0B119BAE1CA007A186E /* hud */ = {
			isa = PBXGroup;
			children = (
				2F4EB0B219BAE1CA007A186E /* check.png */,
				2F4EB0B319BAE1CA007A186E /* check@2x.png */,
				2F4EB0B419BAE1CA007A186E /* cross.png */,
				2F4EB0B519BAE1CA007A186E /* cross@2x.png */,
			);
			name = hud;
			path = "../../../../../Dropbox/Remote Shot/icons/hud";
			sourceTree = "<group>";
		};
		2F4EB0BC19BAE1EB007A186E /* swipe views */ = {
			isa = PBXGroup;
			children = (
				2F4EB0BD19BAE1EB007A186E /* actionSwipeImage.png */,
				2F4EB0BE19BAE1EB007A186E /* actionSwipeImage@2x.png */,
				2F4EB0BF19BAE1EB007A186E /* stillSwipeImage.png */,
				2F4EB0C019BAE1EB007A186E /* stillSwipeImage@2x.png */,
				2F4EB0C219BAE1EB007A186E /* videoSwipeImage.png */,
				2F4EB0C319BAE1EB007A186E /* videoSwipeImage@2x.png */,
			);
			name = "swipe views";
			path = "../../../../../Dropbox/Remote Shot/icons/swipe views";
			sourceTree = "<group>";
		};
		2F4EB0CB19BAE1FC007A186E /* switch app mode */ = {
			isa = PBXGroup;
			children = (
				2F4EB0CC19BAE1FC007A186E /* switchAppMode.png */,
				2F4EB0CD19BAE1FC007A186E /* switchAppMode@2x.png */,
				2F4EB0CE19BAE1FC007A186E /* switchAppModeToClickShot.png */,
				2F4EB0CF19BAE1FC007A186E /* switchAppModeToClickShot@2x.png */,
			);
			name = "switch app mode";
			path = "../../../../../Dropbox/Remote Shot/icons/switch app mode";
			sourceTree = "<group>";
		};
		2F4EB0DA19BAE210007A186E /* tutorial */ = {
			isa = PBXGroup;
			children = (
				2F4EB0DB19BAE210007A186E /* tutorialIcon.png */,
				2F4EB0DD19BAE210007A186E /* tutorialIcon@2x.png */,
			);
			name = tutorial;
			path = "../../../../../Dropbox/Remote Shot/icons/tutorial";
			sourceTree = "<group>";
		};
		2FFFDF9D192FD3D900F3370B = {
			isa = PBXGroup;
			children = (
				2FFFDFAF192FD3D900F3370B /* Cam Remote */,
				2FFFDFD1192FD3D900F3370B /* Cam RemoteTests */,
				2FFFDFA8192FD3D900F3370B /* Frameworks */,
				2FFFDFA7192FD3D900F3370B /* Products */,
			);
			sourceTree = "<group>";
		};
		2FFFDFA7192FD3D900F3370B /* Products */ = {
			isa = PBXGroup;
			children = (
				2FFFDFA6192FD3D900F3370B /* Cam Remote.app */,
				2FFFDFCA192FD3D900F3370B /* Cam RemoteTests.xctest */,
			);
			name = Products;
			sourceTree = "<group>";
		};
		2FFFDFA8192FD3D900F3370B /* Frameworks */ = {
			isa = PBXGroup;
			children = (
				2F38039F1942E108004559C3 /* Reveal.framework */,
				2FFFE0E5192FD66F00F3370B /* Accelerate.framework */,
				2FFFE0E3192FD66900F3370B /* QuartzCore.framework */,
				2FFFE0E1192FD66400F3370B /* AssetsLibrary.framework */,
				2FFFE0DF192FD65D00F3370B /* CoreMedia.framework */,
				2FFFE0DD192FD65700F3370B /* CoreVideo.framework */,
				2FFFE0DB192FD65200F3370B /* OpenGLES.framework */,
				2FFFE0D9192FD64C00F3370B /* AVFoundation.framework */,
				2FFFDFA9192FD3D900F3370B /* Foundation.framework */,
				2FFFDFAB192FD3D900F3370B /* CoreGraphics.framework */,
				2FFFDFAD192FD3D900F3370B /* UIKit.framework */,
				2FFFDFCB192FD3D900F3370B /* XCTest.framework */,
			);
			name = Frameworks;
			sourceTree = "<group>";
		};
		2FFFDFAF192FD3D900F3370B /* Cam Remote */ = {
			isa = PBXGroup;
			children = (
				2FFFDFB8192FD3D900F3370B /* AppDelegate.h */,
				2FFFDFB9192FD3D900F3370B /* AppDelegate.m */,
				2FFFDFBB192FD3D900F3370B /* Main_iPhone.storyboard */,
				2FFFDFBE192FD3D900F3370B /* Main_iPad.storyboard */,
				2FFFE0F1192FD73B00F3370B /* CameraRemoteViewController.h */,
				2FFFE0F2192FD73B00F3370B /* CameraRemoteViewController.m */,
				2FE9BFC919A719DC00EC358F /* UIImage+Overlay.h */,
				2FE9BFCA19A719DC00EC358F /* UIImage+Overlay.m */,
				2FE9C08E19A89E1C00EC358F /* UIImage+StackBlur.h */,
				2FE9C08F19A89E1C00EC358F /* UIImage+StackBlur.m */,
				2F1E42EE19B6AB1C004421C6 /* UIImage+ImageFromColor.h */,
				2F1E42EF19B6AB1C004421C6 /* UIImage+ImageFromColor.m */,
				2F8EA3CE1985820100219F3B /* DragAnimationView.h */,
				2F8EA3CF1985820100219F3B /* DragAnimationView.m */,
				2FFFE0EC192FD73B00F3370B /* CSRCameraButton.h */,
				2FFFE0ED192FD73B00F3370B /* CSRCameraButton.m */,
				2F380386193F1C93004559C3 /* BluetoothCommunicationViewController.h */,
				2F380387193F1C93004559C3 /* BluetoothCommunicationViewController.m */,
				2F3803991942DA24004559C3 /* LWTutorialViewController.h */,
				2F38039A1942DA24004559C3 /* LWTutorialViewController.m */,
				2FFFE0F3192FD73B00F3370B /* CSRMoveableImageView.h */,
				2FFFE0F4192FD73B00F3370B /* CSRMoveableImageView.m */,
				2F71F2BF193E823E00FA41C2 /* UIApplication+ScreenSize.h */,
				2F71F2C0193E823E00FA41C2 /* UIApplication+ScreenSize.m */,
				2FFD530C19A14D3E0064E216 /* TransferService.h */,
				2F1E42F519B6BF6A004421C6 /* Custom MHGallery */,
				2FFFE0FE192FD7E500F3370B /* MBProgressHUD */,
				2FFFDFC4192FD3D900F3370B /* Images.xcassets */,
				2FFFDFB0192FD3D900F3370B /* Supporting Files */,
			);
			path = "Cam Remote";
			sourceTree = "<group>";
		};
		2FFFDFB0192FD3D900F3370B /* Supporting Files */ = {
			isa = PBXGroup;
			children = (
				2FFFDFB1192FD3D900F3370B /* Cam Remote-Info.plist */,
				2FFFE102192FD84100F3370B /* Sounds */,
				2FFFE10E192FD88000F3370B /* Images */,
				2FFFDFB2192FD3D900F3370B /* InfoPlist.strings */,
				2FFFDFB5192FD3D900F3370B /* main.m */,
				2FFFDFB7192FD3D900F3370B /* Cam Remote-Prefix.pch */,
			);
			name = "Supporting Files";
			sourceTree = "<group>";
		};
		2FFFDFD1192FD3D900F3370B /* Cam RemoteTests */ = {
			isa = PBXGroup;
			children = (
				2FFFDFD7192FD3D900F3370B /* Cam_RemoteTests.m */,
				2FFFDFD2192FD3D900F3370B /* Supporting Files */,
			);
			path = "Cam RemoteTests";
			sourceTree = "<group>";
		};
		2FFFDFD2192FD3D900F3370B /* Supporting Files */ = {
			isa = PBXGroup;
			children = (
				2FFFDFD3192FD3D900F3370B /* Cam RemoteTests-Info.plist */,
				2FFFDFD4192FD3D900F3370B /* InfoPlist.strings */,
			);
			name = "Supporting Files";
			sourceTree = "<group>";
		};
		2FFFE0FE192FD7E500F3370B /* MBProgressHUD */ = {
			isa = PBXGroup;
			children = (
				2FFFE0FF192FD7F100F3370B /* MBProgressHUD.h */,
				2FFFE100192FD7F100F3370B /* MBProgressHUD.m */,
			);
			name = MBProgressHUD;
			sourceTree = "<group>";
		};
		2FFFE102192FD84100F3370B /* Sounds */ = {
			isa = PBXGroup;
			children = (
				2FFFE103192FD84100F3370B /* alienRampUp.wav */,
				2FFFE104192FD84100F3370B /* birdChirp.wav */,
				2FFFE105192FD84100F3370B /* bombCountdown.wav */,
				2FFFE106192FD84100F3370B /* catMeow.wav */,
				2FFFE107192FD84100F3370B /* dogBark.wav */,
			);
			path = Sounds;
			sourceTree = "<group>";
		};
		2FFFE10E192FD88000F3370B /* Images */ = {
			isa = PBXGroup;
			children = (
				2F4EB0A919BAE1BB007A186E /* exposure.png */,
				2F4EB0AA19BAE1BB007A186E /* exposure@2x.png */,
				2F4EB0AD19BAE1C1007A186E /* focus.png */,
				2F4EB0AE19BAE1C1007A186E /* focus@2x.png */,
				2F4EB0D619BAE209007A186E /* tableViewDivider.png */,
				2F4EB0D719BAE209007A186E /* tableViewDivider@2x.png */,
				2F4EB05F19BAE198007A186E /* InwardUIIcons */,
				2F4EB0DA19BAE210007A186E /* tutorial */,
				2F4EB0CB19BAE1FC007A186E /* switch app mode */,
				2F4EB0BC19BAE1EB007A186E /* swipe views */,
				2F4EB0B119BAE1CA007A186E /* hud */,
				2F4EB08219BAE1AE007A186E /* camera button */,
			);
			name = Images;
			sourceTree = "<group>";
		};
/* End PBXGroup section */

/* Begin PBXNativeTarget section */
		2FFFDFA5192FD3D900F3370B /* Cam Remote */ = {
			isa = PBXNativeTarget;
			buildConfigurationList = 2FFFDFDB192FD3D900F3370B /* Build configuration list for PBXNativeTarget "Cam Remote" */;
			buildPhases = (
				2FFFDFA2192FD3D900F3370B /* Sources */,
				2FFFDFA3192FD3D900F3370B /* Frameworks */,
				2FFFDFA4192FD3D900F3370B /* Resources */,
			);
			buildRules = (
			);
			dependencies = (
			);
			name = "Cam Remote";
			productName = "Click-Shot";
			productReference = 2FFFDFA6192FD3D900F3370B /* Cam Remote.app */;
			productType = "com.apple.product-type.application";
		};
		2FFFDFC9192FD3D900F3370B /* Cam RemoteTests */ = {
			isa = PBXNativeTarget;
			buildConfigurationList = 2FFFDFDE192FD3D900F3370B /* Build configuration list for PBXNativeTarget "Cam RemoteTests" */;
			buildPhases = (
				2FFFDFC6192FD3D900F3370B /* Sources */,
				2FFFDFC7192FD3D900F3370B /* Frameworks */,
				2FFFDFC8192FD3D900F3370B /* Resources */,
			);
			buildRules = (
			);
			dependencies = (
				2FFFDFD0192FD3D900F3370B /* PBXTargetDependency */,
			);
			name = "Cam RemoteTests";
			productName = "Click-ShotTests";
			productReference = 2FFFDFCA192FD3D900F3370B /* Cam RemoteTests.xctest */;
			productType = "com.apple.product-type.bundle.unit-test";
		};
/* End PBXNativeTarget section */

/* Begin PBXProject section */
		2FFFDF9E192FD3D900F3370B /* Project object */ = {
			isa = PBXProject;
			attributes = {
				LastUpgradeCheck = 0510;
				ORGANIZATIONNAME = "Luke Wilson";
				TargetAttributes = {
					2FFFDFA5192FD3D900F3370B = {
						DevelopmentTeam = EWRQB38YU6;
					};
					2FFFDFC9192FD3D900F3370B = {
						TestTargetID = 2FFFDFA5192FD3D900F3370B;
					};
				};
			};
			buildConfigurationList = 2FFFDFA1192FD3D900F3370B /* Build configuration list for PBXProject "Cam Remote" */;
			compatibilityVersion = "Xcode 3.2";
			developmentRegion = English;
			hasScannedForEncodings = 0;
			knownRegions = (
				en,
				Base,
			);
			mainGroup = 2FFFDF9D192FD3D900F3370B;
			productRefGroup = 2FFFDFA7192FD3D900F3370B /* Products */;
			projectDirPath = "";
			projectRoot = "";
			targets = (
				2FFFDFA5192FD3D900F3370B /* Cam Remote */,
				2FFFDFC9192FD3D900F3370B /* Cam RemoteTests */,
			);
		};
/* End PBXProject section */

/* Begin PBXResourcesBuildPhase section */
		2FFFDFA4192FD3D900F3370B /* Resources */ = {
			isa = PBXResourcesBuildPhase;
			buildActionMask = 2147483647;
			files = (
				2F4EB07419BAE199007A186E /* inwardAutoFocusLocked.png in Resources */,
				2F4EB07F19BAE199007A186E /* tutorial-inwardAutoExposureOn.png in Resources */,
				2F4EB07319BAE199007A186E /* inwardAutoFocus.png in Resources */,
				2F4EB09B19BAE1AE007A186E /* innerHighlighted.png in Resources */,
				2FFFDFC0192FD3D900F3370B /* Main_iPad.storyboard in Resources */,
				2F4EB0B719BAE1CA007A186E /* check.png in Resources */,
				2F4EB0E019BAE210007A186E /* tutorialIcon@2x.png in Resources */,
				2F4EB0C719BAE1EB007A186E /* stillSwipeImage@2x.png in Resources */,
				2F4EB0AB19BAE1BB007A186E /* exposure.png in Resources */,
				2F4EB0A719BAE1AE007A186E /* redInnerHighlighted.png in Resources */,
				2F4EB0A019BAE1AE007A186E /* outer@2x.png in Resources */,
				2F4EB07D19BAE199007A186E /* inwardSwitchCamera.png in Resources */,
				2F4EB09F19BAE1AE007A186E /* outer.png in Resources */,
				2F4EB08119BAE199007A186E /* tutorial-inwardAutoFocusOn.png in Resources */,
				2F4EB0AF19BAE1C1007A186E /* focus.png in Resources */,
				2F4EB0A419BAE1AE007A186E /* rapidInnerHighlighted@2x.png in Resources */,
				2F4EB0D419BAE1FC007A186E /* switchAppModeToClickShot@2x.png in Resources */,
				2F4EB07B19BAE199007A186E /* inwardSettings.png in Resources */,
				2F4EB09919BAE1AE007A186E /* inner.png in Resources */,
				2F4EB09619BAE1AE007A186E /* cameraButtonDarkBG.png in Resources */,
				2FFFE10C192FD84100F3370B /* dogBark.wav in Resources */,
				2F4EB0AC19BAE1BB007A186E /* exposure@2x.png in Resources */,
				2F4EB0D319BAE1FC007A186E /* switchAppModeToClickShot.png in Resources */,
				2FFFE108192FD84100F3370B /* alienRampUp.wav in Resources */,
				2F4EB07C19BAE199007A186E /* inwardSounds.png in Resources */,
				2F4EB0DE19BAE210007A186E /* tutorialIcon.png in Resources */,
				2F4EB0A219BAE1AE007A186E /* rapidInner@2x.png in Resources */,
				2F4EB0A319BAE1AE007A186E /* rapidInnerHighlighted.png in Resources */,
				2F4EB07719BAE199007A186E /* inwardCameraMode-Still.png in Resources */,
				2F4EB0D119BAE1FC007A186E /* switchAppMode.png in Resources */,
				2F4EB0A119BAE1AE007A186E /* rapidInner.png in Resources */,
				2F4EB07919BAE199007A186E /* inwardCameraRoll.png in Resources */,
				2F4EB0D919BAE209007A186E /* tableViewDivider@2x.png in Resources */,
				2F4EB07819BAE199007A186E /* inwardCameraMode-Video.png in Resources */,
				2F4EB0C519BAE1EB007A186E /* actionSwipeImage@2x.png in Resources */,
				2F4EB09719BAE1AE007A186E /* cameraButtonDarkBG@2x.png in Resources */,
				2F4EB07519BAE199007A186E /* inwardBluetooth.png in Resources */,
				2FFFE10B192FD84100F3370B /* catMeow.wav in Resources */,
				2F4EB0A519BAE1AE007A186E /* redInner.png in Resources */,
				2F4EB0B019BAE1C1007A186E /* focus@2x.png in Resources */,
				2FFFE10A192FD84100F3370B /* bombCountdown.wav in Resources */,
				2F4EB0A819BAE1AE007A186E /* redInnerHighlighted@2x.png in Resources */,
				2F4EB0C619BAE1EB007A186E /* stillSwipeImage.png in Resources */,
				2F4EB07219BAE198007A186E /* inwardAutoExposureLocked.png in Resources */,
				2F4EB0C419BAE1EB007A186E /* actionSwipeImage.png in Resources */,
				2FFFE109192FD84100F3370B /* birdChirp.wav in Resources */,
				2F4EB09D19BAE1AE007A186E /* innerPlayingSound.png in Resources */,
				2F4EB0C919BAE1EB007A186E /* videoSwipeImage.png in Resources */,
				2F4EB09C19BAE1AE007A186E /* innerHighlighted@2x.png in Resources */,
				2F4EB09A19BAE1AE007A186E /* inner@2x.png in Resources */,
				2F4EB0D219BAE1FC007A186E /* switchAppMode@2x.png in Resources */,
				2F4EB07119BAE198007A186E /* inwardAutoExposure.png in Resources */,
				2F4EB07619BAE199007A186E /* inwardCameraMode-Action.png in Resources */,
				2F4EB07E19BAE199007A186E /* tutorial-inwardAutoExposureOff.png in Resources */,
				2F4EB09E19BAE1AE007A186E /* innerPlayingSound@2x.png in Resources */,
				2F4EB07A19BAE199007A186E /* inwardFlash.png in Resources */,
				2FFFDFC5192FD3D900F3370B /* Images.xcassets in Resources */,
				2F4EB0B919BAE1CA007A186E /* cross.png in Resources */,
				2F4EB08019BAE199007A186E /* tutorial-inwardAutoFocusOff.png in Resources */,
				2F4EB0B819BAE1CA007A186E /* check@2x.png in Resources */,
				2F4EB0A619BAE1AE007A186E /* redInner@2x.png in Resources */,
				2F4EB0CA19BAE1EB007A186E /* videoSwipeImage@2x.png in Resources */,
				2F4EB0BA19BAE1CA007A186E /* cross@2x.png in Resources */,
				2FFFDFBD192FD3D900F3370B /* Main_iPhone.storyboard in Resources */,
				2FFFDFB4192FD3D900F3370B /* InfoPlist.strings in Resources */,
				2F4EB0D819BAE209007A186E /* tableViewDivider.png in Resources */,
			);
			runOnlyForDeploymentPostprocessing = 0;
		};
		2FFFDFC8192FD3D900F3370B /* Resources */ = {
			isa = PBXResourcesBuildPhase;
			buildActionMask = 2147483647;
			files = (
				2FFFDFD6192FD3D900F3370B /* InfoPlist.strings in Resources */,
			);
			runOnlyForDeploymentPostprocessing = 0;
		};
/* End PBXResourcesBuildPhase section */

/* Begin PBXSourcesBuildPhase section */
		2FFFDFA2192FD3D900F3370B /* Sources */ = {
			isa = PBXSourcesBuildPhase;
			buildActionMask = 2147483647;
			files = (
				2FFFE101192FD7F100F3370B /* MBProgressHUD.m in Sources */,
				2F380388193F1C93004559C3 /* BluetoothCommunicationViewController.m in Sources */,
				2F1E435619B6BF6A004421C6 /* SAResizibleBubble.m in Sources */,
				2F1E436419B6BF6A004421C6 /* MHUIImageViewContentViewAnimation.m in Sources */,
				2F1E437819B6BF6A004421C6 /* MHTransitionShowOverView.m in Sources */,
				2FFFDFBA192FD3D900F3370B /* AppDelegate.m in Sources */,
				2F8EA3D01985820100219F3B /* DragAnimationView.m in Sources */,
				2F1E437919B6BF6A004421C6 /* MHTransitionShowShareView.m in Sources */,
				2F1E436019B6BF6A004421C6 /* MHGallerySharedManager.m in Sources */,
				2F1E437A19B6BF6A004421C6 /* UIImageView+MHGallery.m in Sources */,
				2F1E437119B6BF6A004421C6 /* UIButton+WebCache.m in Sources */,
				2F1E42F019B6AB1C004421C6 /* UIImage+ImageFromColor.m in Sources */,
				2F71F2C1193E823E00FA41C2 /* UIApplication+ScreenSize.m in Sources */,
				2F1E435E19B6BF6A004421C6 /* MHGalleryItem.m in Sources */,
				2F1E437219B6BF6A004421C6 /* UIImage+GIF.m in Sources */,
				2F1E437019B6BF6A004421C6 /* SDWebImagePrefetcher.m in Sources */,
				2F1E436119B6BF6A004421C6 /* MHMediaPreviewCollectionViewCell.m in Sources */,
				2FE9BFCB19A719DC00EC358F /* UIImage+Overlay.m in Sources */,
				2F1E437619B6BF6A004421C6 /* MHTransitionPresentMHGallery.m in Sources */,
				2F1E436B19B6BF6A004421C6 /* SDWebImageCompat.m in Sources */,
				2F1E436D19B6BF6A004421C6 /* SDWebImageDownloader.m in Sources */,
				2F1E437519B6BF6A004421C6 /* MHTransitionDismissMHGallery.m in Sources */,
				2F1E436E19B6BF6A004421C6 /* SDWebImageDownloaderOperation.m in Sources */,
				2F1E436C19B6BF6A004421C6 /* SDWebImageDecoder.m in Sources */,
				2F1E436F19B6BF6A004421C6 /* SDWebImageManager.m in Sources */,
				2F1E435A19B6BF6A004421C6 /* MHCustomization.m in Sources */,
				2F1E435919B6BF6A004421C6 /* SAVideoRangeSlider.m in Sources */,
				2F1E436319B6BF6A004421C6 /* MHShareViewController.m in Sources */,
				2F1E435C19B6BF6A004421C6 /* MHGalleryController.m in Sources */,
				2F1E435F19B6BF6A004421C6 /* MHPresenterImageView.m in Sources */,
				2FFFDFB6192FD3D900F3370B /* main.m in Sources */,
				2FFFE0FA192FD73B00F3370B /* CameraRemoteViewController.m in Sources */,
				2F38039B1942DA24004559C3 /* LWTutorialViewController.m in Sources */,
				2F1E435719B6BF6A004421C6 /* SASliderLeft.m in Sources */,
				2F1E437419B6BF6A004421C6 /* UIImageView+WebCache.m in Sources */,
				2F1E437319B6BF6A004421C6 /* UIImage+MultiFormat.m in Sources */,
				2FE9C09019A89E1C00EC358F /* UIImage+StackBlur.m in Sources */,
				2F1E435B19B6BF6A004421C6 /* MHGallery.m in Sources */,
				2F1E436919B6BF6A004421C6 /* NSData+ImageContentType.m in Sources */,
				2F1E437719B6BF6A004421C6 /* MHTransitionShowDetail.m in Sources */,
				2F1E435819B6BF6A004421C6 /* SASliderRight.m in Sources */,
				2F1E435D19B6BF6A004421C6 /* MHGalleryImageViewerViewController.m in Sources */,
				2F1E435519B6BF6A004421C6 /* SAScrubber.m in Sources */,
				2FFFE0FB192FD73B00F3370B /* CSRMoveableImageView.m in Sources */,
				2F1E436219B6BF6A004421C6 /* MHOverviewController.m in Sources */,
				2FFFE0F7192FD73B00F3370B /* CSRCameraButton.m in Sources */,
				2F1E436A19B6BF6A004421C6 /* SDImageCache.m in Sources */,
			);
			runOnlyForDeploymentPostprocessing = 0;
		};
		2FFFDFC6192FD3D900F3370B /* Sources */ = {
			isa = PBXSourcesBuildPhase;
			buildActionMask = 2147483647;
			files = (
			);
			runOnlyForDeploymentPostprocessing = 0;
		};
/* End PBXSourcesBuildPhase section */

/* Begin PBXTargetDependency section */
		2FFFDFD0192FD3D900F3370B /* PBXTargetDependency */ = {
			isa = PBXTargetDependency;
			target = 2FFFDFA5192FD3D900F3370B /* Cam Remote */;
			targetProxy = 2FFFDFCF192FD3D900F3370B /* PBXContainerItemProxy */;
		};
/* End PBXTargetDependency section */

/* Begin PBXVariantGroup section */
		2FFFDFB2192FD3D900F3370B /* InfoPlist.strings */ = {
			isa = PBXVariantGroup;
			children = (
				2FFFDFB3192FD3D900F3370B /* en */,
			);
			name = InfoPlist.strings;
			sourceTree = "<group>";
		};
		2FFFDFBB192FD3D900F3370B /* Main_iPhone.storyboard */ = {
			isa = PBXVariantGroup;
			children = (
				2FFFDFBC192FD3D900F3370B /* Base */,
			);
			name = Main_iPhone.storyboard;
			sourceTree = "<group>";
		};
		2FFFDFBE192FD3D900F3370B /* Main_iPad.storyboard */ = {
			isa = PBXVariantGroup;
			children = (
				2FFFDFBF192FD3D900F3370B /* Base */,
			);
			name = Main_iPad.storyboard;
			sourceTree = "<group>";
		};
		2FFFDFD4192FD3D900F3370B /* InfoPlist.strings */ = {
			isa = PBXVariantGroup;
			children = (
				2FFFDFD5192FD3D900F3370B /* en */,
			);
			name = InfoPlist.strings;
			sourceTree = "<group>";
		};
/* End PBXVariantGroup section */

/* Begin XCBuildConfiguration section */
		2FFFDFD9192FD3D900F3370B /* Debug */ = {
			isa = XCBuildConfiguration;
			buildSettings = {
				ALWAYS_SEARCH_USER_PATHS = NO;
				CLANG_CXX_LANGUAGE_STANDARD = "gnu++0x";
				CLANG_CXX_LIBRARY = "libc++";
				CLANG_ENABLE_MODULES = YES;
				CLANG_ENABLE_OBJC_ARC = YES;
				CLANG_WARN_BOOL_CONVERSION = YES;
				CLANG_WARN_CONSTANT_CONVERSION = YES;
				CLANG_WARN_DIRECT_OBJC_ISA_USAGE = YES_ERROR;
				CLANG_WARN_EMPTY_BODY = YES;
				CLANG_WARN_ENUM_CONVERSION = YES;
				CLANG_WARN_INT_CONVERSION = YES;
				CLANG_WARN_OBJC_ROOT_CLASS = YES_ERROR;
				CLANG_WARN__DUPLICATE_METHOD_MATCH = YES;
				CODE_SIGN_IDENTITY = "iPhone Developer: Luke Wilson (FJCN7HV5K7)";
				"CODE_SIGN_IDENTITY[sdk=iphoneos*]" = "iPhone Developer";
				COPY_PHASE_STRIP = NO;
				GCC_C_LANGUAGE_STANDARD = gnu99;
				GCC_DYNAMIC_NO_PIC = NO;
				GCC_OPTIMIZATION_LEVEL = 0;
				GCC_PREPROCESSOR_DEFINITIONS = (
					"DEBUG=1",
					"$(inherited)",
				);
				GCC_SYMBOLS_PRIVATE_EXTERN = NO;
				GCC_WARN_64_TO_32_BIT_CONVERSION = YES;
				GCC_WARN_ABOUT_RETURN_TYPE = YES_ERROR;
				GCC_WARN_UNDECLARED_SELECTOR = YES;
				GCC_WARN_UNINITIALIZED_AUTOS = YES_AGGRESSIVE;
				GCC_WARN_UNUSED_FUNCTION = YES;
				GCC_WARN_UNUSED_VARIABLE = YES;
				HEADER_SEARCH_PATHS = (
					"$(inherited)",
					/Applications/Xcode.app/Contents/Developer/Toolchains/XcodeDefault.xctoolchain/usr/include,
					"/Users/LukeWilson/Documents/GPUImage/framework/**",
				);
				IPHONEOS_DEPLOYMENT_TARGET = 7.1;
				ONLY_ACTIVE_ARCH = YES;
				PROVISIONING_PROFILE = "97277fdb-23a6-4d1d-bdc6-f42d81dcf83b";
				SDKROOT = iphoneos;
				TARGETED_DEVICE_FAMILY = "1,2";
			};
			name = Debug;
		};
		2FFFDFDA192FD3D900F3370B /* Release */ = {
			isa = XCBuildConfiguration;
			buildSettings = {
				ALWAYS_SEARCH_USER_PATHS = NO;
				CLANG_CXX_LANGUAGE_STANDARD = "gnu++0x";
				CLANG_CXX_LIBRARY = "libc++";
				CLANG_ENABLE_MODULES = YES;
				CLANG_ENABLE_OBJC_ARC = YES;
				CLANG_WARN_BOOL_CONVERSION = YES;
				CLANG_WARN_CONSTANT_CONVERSION = YES;
				CLANG_WARN_DIRECT_OBJC_ISA_USAGE = YES_ERROR;
				CLANG_WARN_EMPTY_BODY = YES;
				CLANG_WARN_ENUM_CONVERSION = YES;
				CLANG_WARN_INT_CONVERSION = YES;
				CLANG_WARN_OBJC_ROOT_CLASS = YES_ERROR;
				CLANG_WARN__DUPLICATE_METHOD_MATCH = YES;
				CODE_SIGN_IDENTITY = "iPhone Distribution";
				"CODE_SIGN_IDENTITY[sdk=iphoneos*]" = "iPhone Distribution: Luke Wilson (EWRQB38YU6)";
				COPY_PHASE_STRIP = YES;
				ENABLE_NS_ASSERTIONS = NO;
				GCC_C_LANGUAGE_STANDARD = gnu99;
				GCC_WARN_64_TO_32_BIT_CONVERSION = YES;
				GCC_WARN_ABOUT_RETURN_TYPE = YES_ERROR;
				GCC_WARN_UNDECLARED_SELECTOR = YES;
				GCC_WARN_UNINITIALIZED_AUTOS = YES_AGGRESSIVE;
				GCC_WARN_UNUSED_FUNCTION = YES;
				GCC_WARN_UNUSED_VARIABLE = YES;
				HEADER_SEARCH_PATHS = (
					"$(inherited)",
					/Applications/Xcode.app/Contents/Developer/Toolchains/XcodeDefault.xctoolchain/usr/include,
					"/Users/LukeWilson/Documents/GPUImage/framework/**",
				);
				IPHONEOS_DEPLOYMENT_TARGET = 7.1;
				PROVISIONING_PROFILE = "97277fdb-23a6-4d1d-bdc6-f42d81dcf83b";
				SDKROOT = iphoneos;
				TARGETED_DEVICE_FAMILY = "1,2";
				VALIDATE_PRODUCT = YES;
			};
			name = Release;
		};
		2FFFDFDC192FD3D900F3370B /* Debug */ = {
			isa = XCBuildConfiguration;
			buildSettings = {
				ASSETCATALOG_COMPILER_APPICON_NAME = AppIcon;
				ASSETCATALOG_COMPILER_LAUNCHIMAGE_NAME = LaunchImage;
				CODE_SIGN_IDENTITY = "iPhone Developer";
				"CODE_SIGN_IDENTITY[sdk=iphoneos*]" = "iPhone Developer";
				FRAMEWORK_SEARCH_PATHS = (
					"$(inherited)",
					"$(SYSTEM_APPS_DIR)/Reveal.app/Contents/SharedSupport/iOS-Libraries",
				);
				GCC_PRECOMPILE_PREFIX_HEADER = YES;
				GCC_PREFIX_HEADER = "Cam Remote/Cam Remote-Prefix.pch";
				INFOPLIST_FILE = "Cam Remote/Cam Remote-Info.plist";
				IPHONEOS_DEPLOYMENT_TARGET = 7.1;
				OTHER_LDFLAGS = "-ObjC";
				PRODUCT_NAME = "Cam Remote";
				PROVISIONING_PROFILE = "";
				TARGETED_DEVICE_FAMILY = "1,2";
				WRAPPER_EXTENSION = app;
			};
			name = Debug;
		};
		2FFFDFDD192FD3D900F3370B /* Release */ = {
			isa = XCBuildConfiguration;
			buildSettings = {
				ASSETCATALOG_COMPILER_APPICON_NAME = AppIcon;
				ASSETCATALOG_COMPILER_LAUNCHIMAGE_NAME = LaunchImage;
				CODE_SIGN_IDENTITY = "iPhone Developer";
				"CODE_SIGN_IDENTITY[sdk=iphoneos*]" = "iPhone Developer";
				FRAMEWORK_SEARCH_PATHS = (
					"$(inherited)",
					"$(SYSTEM_APPS_DIR)/Reveal.app/Contents/SharedSupport/iOS-Libraries",
				);
				GCC_PRECOMPILE_PREFIX_HEADER = YES;
				GCC_PREFIX_HEADER = "Cam Remote/Cam Remote-Prefix.pch";
				INFOPLIST_FILE = "Cam Remote/Cam Remote-Info.plist";
				IPHONEOS_DEPLOYMENT_TARGET = 7.1;
				PRODUCT_NAME = "Cam Remote";
				PROVISIONING_PROFILE = "";
				TARGETED_DEVICE_FAMILY = "1,2";
				WRAPPER_EXTENSION = app;
			};
			name = Release;
		};
		2FFFDFDF192FD3D900F3370B /* Debug */ = {
			isa = XCBuildConfiguration;
			buildSettings = {
				BUNDLE_LOADER = "$(BUILT_PRODUCTS_DIR)/Click-Shot.app/Click-Shot";
				FRAMEWORK_SEARCH_PATHS = (
					"$(SDKROOT)/Developer/Library/Frameworks",
					"$(inherited)",
					"$(DEVELOPER_FRAMEWORKS_DIR)",
				);
				GCC_PRECOMPILE_PREFIX_HEADER = YES;
				GCC_PREFIX_HEADER = "Click-Shot/Click-Shot-Prefix.pch";
				GCC_PREPROCESSOR_DEFINITIONS = (
					"DEBUG=1",
					"$(inherited)",
				);
				INFOPLIST_FILE = "Click-ShotTests/Cam RemoteTests-Info.plist";
				PRODUCT_NAME = "Cam RemoteTests";
				TEST_HOST = "$(BUNDLE_LOADER)";
				WRAPPER_EXTENSION = xctest;
			};
			name = Debug;
		};
		2FFFDFE0192FD3D900F3370B /* Release */ = {
			isa = XCBuildConfiguration;
			buildSettings = {
				BUNDLE_LOADER = "$(BUILT_PRODUCTS_DIR)/Click-Shot.app/Click-Shot";
				FRAMEWORK_SEARCH_PATHS = (
					"$(SDKROOT)/Developer/Library/Frameworks",
					"$(inherited)",
					"$(DEVELOPER_FRAMEWORKS_DIR)",
				);
				GCC_PRECOMPILE_PREFIX_HEADER = YES;
				GCC_PREFIX_HEADER = "Click-Shot/Click-Shot-Prefix.pch";
				INFOPLIST_FILE = "Click-ShotTests/Cam RemoteTests-Info.plist";
				PRODUCT_NAME = "Cam RemoteTests";
				TEST_HOST = "$(BUNDLE_LOADER)";
				WRAPPER_EXTENSION = xctest;
			};
			name = Release;
		};
/* End XCBuildConfiguration section */

/* Begin XCConfigurationList section */
		2FFFDFA1192FD3D900F3370B /* Build configuration list for PBXProject "Cam Remote" */ = {
			isa = XCConfigurationList;
			buildConfigurations = (
				2FFFDFD9192FD3D900F3370B /* Debug */,
				2FFFDFDA192FD3D900F3370B /* Release */,
			);
			defaultConfigurationIsVisible = 0;
			defaultConfigurationName = Release;
		};
		2FFFDFDB192FD3D900F3370B /* Build configuration list for PBXNativeTarget "Cam Remote" */ = {
			isa = XCConfigurationList;
			buildConfigurations = (
				2FFFDFDC192FD3D900F3370B /* Debug */,
				2FFFDFDD192FD3D900F3370B /* Release */,
			);
			defaultConfigurationIsVisible = 0;
			defaultConfigurationName = Release;
		};
		2FFFDFDE192FD3D900F3370B /* Build configuration list for PBXNativeTarget "Cam RemoteTests" */ = {
			isa = XCConfigurationList;
			buildConfigurations = (
				2FFFDFDF192FD3D900F3370B /* Debug */,
				2FFFDFE0192FD3D900F3370B /* Release */,
			);
			defaultConfigurationIsVisible = 0;
			defaultConfigurationName = Release;
		};
/* End XCConfigurationList section */
	};
	rootObject = 2FFFDF9E192FD3D900F3370B /* Project object */;
}
